// !$*UTF8*$!
{
	archiveVersion = 1;
	classes = {
	};
	objectVersion = 46;
	objects = {

/* Begin PBXBuildFile section */
		921F190B16F58D2400A3DC41 /* CCDrawingPrimitivesEx.cpp in Sources */ = {isa = PBXBuildFile; fileRef = 921F190A16F58D2400A3DC41 /* CCDrawingPrimitivesEx.cpp */; };
		924C929C16F8AC0900E39658 /* CCMissile.cpp in Sources */ = {isa = PBXBuildFile; fileRef = 924C929A16F8AC0900E39658 /* CCMissile.cpp */; };
		925D7D3E16F4B4F000622984 /* CCShake.cpp in Sources */ = {isa = PBXBuildFile; fileRef = 925D7D3D16F4B4F000622984 /* CCShake.cpp */; };
		9270FB1C16F4A927006A6788 /* CCAutoRenderMenuItemSprite.cpp in Sources */ = {isa = PBXBuildFile; fileRef = 9270FB1B16F4A927006A6788 /* CCAutoRenderMenuItemSprite.cpp */; };
		92774AE116EF1CB3008E67C8 /* CCUtils.cpp in Sources */ = {isa = PBXBuildFile; fileRef = 92774AE016EF1CB3008E67C8 /* CCUtils.cpp */; };
		9279754016F6C0140040E3AA /* CCAssetInputStream_ios.cpp in Sources */ = {isa = PBXBuildFile; fileRef = 9279753E16F6C0140040E3AA /* CCAssetInputStream_ios.cpp */; };
		9279754316F6C0B70040E3AA /* CCMemoryInputStream.cpp in Sources */ = {isa = PBXBuildFile; fileRef = 9279754216F6C0B70040E3AA /* CCMemoryInputStream.cpp */; };
		9279754616F6C5B40040E3AA /* CCAssetInputStream_android.cpp in Sources */ = {isa = PBXBuildFile; fileRef = 9279754416F6C5B40040E3AA /* CCAssetInputStream_android.cpp */; };
		9279754A16F6C8960040E3AA /* CCAssetOutputStream_ios.cpp in Sources */ = {isa = PBXBuildFile; fileRef = 9279754816F6C8960040E3AA /* CCAssetOutputStream_ios.cpp */; };
		9279754D16F6CADA0040E3AA /* CCAssetOutputStream_android.cpp in Sources */ = {isa = PBXBuildFile; fileRef = 9279754B16F6CAD90040E3AA /* CCAssetOutputStream_android.cpp */; };
		9279755016F6CB680040E3AA /* CCMemoryOutputStream.cpp in Sources */ = {isa = PBXBuildFile; fileRef = 9279754F16F6CB680040E3AA /* CCMemoryOutputStream.cpp */; };
		9279755216F6CC4C0040E3AA /* CCAssetInputStream.cpp in Sources */ = {isa = PBXBuildFile; fileRef = 9279755116F6CC4C0040E3AA /* CCAssetInputStream.cpp */; };
		9279755416F6CC530040E3AA /* CCAssetOutputStream.cpp in Sources */ = {isa = PBXBuildFile; fileRef = 9279755316F6CC530040E3AA /* CCAssetOutputStream.cpp */; };
		92AE790516F73649009C5FFC /* CCResourceLoader.cpp in Sources */ = {isa = PBXBuildFile; fileRef = 92AE790416F73649009C5FFC /* CCResourceLoader.cpp */; };
		92B516E816E86020009F3536 /* Foundation.framework in Frameworks */ = {isa = PBXBuildFile; fileRef = 92B516E716E86020009F3536 /* Foundation.framework */; };
/* End PBXBuildFile section */

/* Begin PBXContainerItemProxy section */
		92DFBC1716E860D00016648F /* PBXContainerItemProxy */ = {
			isa = PBXContainerItemProxy;
			containerPortal = 92DFBC1016E860D00016648F /* cocos2dx.xcodeproj */;
			proxyType = 2;
			remoteGlobalIDString = 1551A33F158F2AB200E66CFE;
			remoteInfo = cocos2dx;
		};
/* End PBXContainerItemProxy section */

/* Begin PBXCopyFilesBuildPhase section */
		92B516E216E86020009F3536 /* CopyFiles */ = {
			isa = PBXCopyFilesBuildPhase;
			buildActionMask = 2147483647;
			dstPath = "include/${PRODUCT_NAME}";
			dstSubfolderSpec = 16;
			files = (
			);
			runOnlyForDeploymentPostprocessing = 0;
		};
/* End PBXCopyFilesBuildPhase section */

/* Begin PBXFileReference section */
		921F190A16F58D2400A3DC41 /* CCDrawingPrimitivesEx.cpp */ = {isa = PBXFileReference; fileEncoding = 4; lastKnownFileType = sourcecode.cpp.cpp; path = CCDrawingPrimitivesEx.cpp; sourceTree = "<group>"; };
		921F190D16F58D2900A3DC41 /* CCDrawingPrimitivesEx.h */ = {isa = PBXFileReference; lastKnownFileType = sourcecode.c.h; path = CCDrawingPrimitivesEx.h; sourceTree = "<group>"; };
		924C929A16F8AC0900E39658 /* CCMissile.cpp */ = {isa = PBXFileReference; fileEncoding = 4; lastKnownFileType = sourcecode.cpp.cpp; path = CCMissile.cpp; sourceTree = "<group>"; };
		924C929E16F8AC1A00E39658 /* CCMissile.h */ = {isa = PBXFileReference; lastKnownFileType = sourcecode.c.h; path = CCMissile.h; sourceTree = "<group>"; };
		925D7D3D16F4B4F000622984 /* CCShake.cpp */ = {isa = PBXFileReference; fileEncoding = 4; lastKnownFileType = sourcecode.cpp.cpp; path = CCShake.cpp; sourceTree = "<group>"; };
		925D7D4016F4B4F600622984 /* CCShake.h */ = {isa = PBXFileReference; lastKnownFileType = sourcecode.c.h; path = CCShake.h; sourceTree = "<group>"; };
		9270FB1916F4A922006A6788 /* CCAutoRenderMenuItemSprite.h */ = {isa = PBXFileReference; lastKnownFileType = sourcecode.c.h; path = CCAutoRenderMenuItemSprite.h; sourceTree = "<group>"; };
		9270FB1B16F4A927006A6788 /* CCAutoRenderMenuItemSprite.cpp */ = {isa = PBXFileReference; fileEncoding = 4; lastKnownFileType = sourcecode.cpp.cpp; path = CCAutoRenderMenuItemSprite.cpp; sourceTree = "<group>"; };
		9270FB1D16F4AAFD006A6788 /* cocos2d-common.h */ = {isa = PBXFileReference; lastKnownFileType = sourcecode.c.h; path = "cocos2d-common.h"; sourceTree = "<group>"; };
		9270FB1E16F4AB46006A6788 /* ccMoreTypes.h */ = {isa = PBXFileReference; lastKnownFileType = sourcecode.c.h; path = ccMoreTypes.h; sourceTree = "<group>"; };
		92774AD316EF1C7A008E67C8 /* cocos2dxcommon-Prefix.pch */ = {isa = PBXFileReference; lastKnownFileType = sourcecode.c.h; path = "cocos2dxcommon-Prefix.pch"; sourceTree = SOURCE_ROOT; };
		92774ADE16EF1CB3008E67C8 /* CCUtils.h */ = {isa = PBXFileReference; fileEncoding = 4; lastKnownFileType = sourcecode.c.h; path = CCUtils.h; sourceTree = "<group>"; };
		92774AE016EF1CB3008E67C8 /* CCUtils.cpp */ = {isa = PBXFileReference; fileEncoding = 4; lastKnownFileType = sourcecode.cpp.cpp; path = CCUtils.cpp; sourceTree = "<group>"; };
		92774AE416EF1D5E008E67C8 /* CCMoreMacros.h */ = {isa = PBXFileReference; lastKnownFileType = sourcecode.c.h; path = CCMoreMacros.h; sourceTree = "<group>"; };
		9279753C16F6BFD40040E3AA /* CCAssetInputStream.h */ = {isa = PBXFileReference; lastKnownFileType = sourcecode.c.h; path = CCAssetInputStream.h; sourceTree = "<group>"; };
		9279753E16F6C0140040E3AA /* CCAssetInputStream_ios.cpp */ = {isa = PBXFileReference; fileEncoding = 4; lastKnownFileType = sourcecode.cpp.cpp; path = CCAssetInputStream_ios.cpp; sourceTree = "<group>"; };
		9279753F16F6C0140040E3AA /* CCAssetInputStream_ios.h */ = {isa = PBXFileReference; fileEncoding = 4; lastKnownFileType = sourcecode.c.h; path = CCAssetInputStream_ios.h; sourceTree = "<group>"; };
		9279754116F6C0490040E3AA /* CCMemoryInputStream.h */ = {isa = PBXFileReference; lastKnownFileType = sourcecode.c.h; path = CCMemoryInputStream.h; sourceTree = "<group>"; };
		9279754216F6C0B70040E3AA /* CCMemoryInputStream.cpp */ = {isa = PBXFileReference; fileEncoding = 4; lastKnownFileType = sourcecode.cpp.cpp; path = CCMemoryInputStream.cpp; sourceTree = "<group>"; };
		9279754416F6C5B40040E3AA /* CCAssetInputStream_android.cpp */ = {isa = PBXFileReference; fileEncoding = 4; lastKnownFileType = sourcecode.cpp.cpp; path = CCAssetInputStream_android.cpp; sourceTree = "<group>"; };
		9279754516F6C5B40040E3AA /* CCAssetInputStream_android.h */ = {isa = PBXFileReference; fileEncoding = 4; lastKnownFileType = sourcecode.c.h; path = CCAssetInputStream_android.h; sourceTree = "<group>"; };
		9279754716F6C83F0040E3AA /* CCAssetOutputStream.h */ = {isa = PBXFileReference; lastKnownFileType = sourcecode.c.h; path = CCAssetOutputStream.h; sourceTree = "<group>"; };
		9279754816F6C8960040E3AA /* CCAssetOutputStream_ios.cpp */ = {isa = PBXFileReference; fileEncoding = 4; lastKnownFileType = sourcecode.cpp.cpp; path = CCAssetOutputStream_ios.cpp; sourceTree = "<group>"; };
		9279754916F6C8960040E3AA /* CCAssetOutputStream_ios.h */ = {isa = PBXFileReference; fileEncoding = 4; lastKnownFileType = sourcecode.c.h; path = CCAssetOutputStream_ios.h; sourceTree = "<group>"; };
		9279754B16F6CAD90040E3AA /* CCAssetOutputStream_android.cpp */ = {isa = PBXFileReference; fileEncoding = 4; lastKnownFileType = sourcecode.cpp.cpp; path = CCAssetOutputStream_android.cpp; sourceTree = "<group>"; };
		9279754C16F6CADA0040E3AA /* CCAssetOutputStream_android.h */ = {isa = PBXFileReference; fileEncoding = 4; lastKnownFileType = sourcecode.c.h; path = CCAssetOutputStream_android.h; sourceTree = "<group>"; };
		9279754E16F6CB5B0040E3AA /* CCMemoryOutputStream.h */ = {isa = PBXFileReference; lastKnownFileType = sourcecode.c.h; path = CCMemoryOutputStream.h; sourceTree = "<group>"; };
		9279754F16F6CB680040E3AA /* CCMemoryOutputStream.cpp */ = {isa = PBXFileReference; fileEncoding = 4; lastKnownFileType = sourcecode.cpp.cpp; path = CCMemoryOutputStream.cpp; sourceTree = "<group>"; };
		9279755116F6CC4C0040E3AA /* CCAssetInputStream.cpp */ = {isa = PBXFileReference; fileEncoding = 4; lastKnownFileType = sourcecode.cpp.cpp; path = CCAssetInputStream.cpp; sourceTree = "<group>"; };
		9279755316F6CC530040E3AA /* CCAssetOutputStream.cpp */ = {isa = PBXFileReference; fileEncoding = 4; lastKnownFileType = sourcecode.cpp.cpp; path = CCAssetOutputStream.cpp; sourceTree = "<group>"; };
		92AE790116F73643009C5FFC /* CCResourceLoader.h */ = {isa = PBXFileReference; lastKnownFileType = sourcecode.c.h; path = CCResourceLoader.h; sourceTree = "<group>"; };
		92AE790216F73643009C5FFC /* CCResourceLoaderListener.h */ = {isa = PBXFileReference; lastKnownFileType = sourcecode.c.h; path = CCResourceLoaderListener.h; sourceTree = "<group>"; };
		92AE790416F73649009C5FFC /* CCResourceLoader.cpp */ = {isa = PBXFileReference; fileEncoding = 4; lastKnownFileType = sourcecode.cpp.cpp; path = CCResourceLoader.cpp; sourceTree = "<group>"; };
		92B516E416E86020009F3536 /* libcocos2dxcommon.a */ = {isa = PBXFileReference; explicitFileType = archive.ar; includeInIndex = 0; path = libcocos2dxcommon.a; sourceTree = BUILT_PRODUCTS_DIR; };
		92B516E716E86020009F3536 /* Foundation.framework */ = {isa = PBXFileReference; lastKnownFileType = wrapper.framework; name = Foundation.framework; path = System/Library/Frameworks/Foundation.framework; sourceTree = SDKROOT; };
		92DFBC1016E860D00016648F /* cocos2dx.xcodeproj */ = {isa = PBXFileReference; lastKnownFileType = "wrapper.pb-project"; name = cocos2dx.xcodeproj; path = "../../cocos2d-x/cocos2dx/proj.ios/cocos2dx.xcodeproj"; sourceTree = "<group>"; };
/* End PBXFileReference section */

/* Begin PBXFrameworksBuildPhase section */
		92B516E116E86020009F3536 /* Frameworks */ = {
			isa = PBXFrameworksBuildPhase;
			buildActionMask = 2147483647;
			files = (
				92B516E816E86020009F3536 /* Foundation.framework in Frameworks */,
			);
			runOnlyForDeploymentPostprocessing = 0;
		};
/* End PBXFrameworksBuildPhase section */

/* Begin PBXGroup section */
		92774ADD16EF1CB3008E67C8 /* include */ = {
			isa = PBXGroup;
			children = (
				9279753C16F6BFD40040E3AA /* CCAssetInputStream.h */,
				9279754716F6C83F0040E3AA /* CCAssetOutputStream.h */,
				9279754116F6C0490040E3AA /* CCMemoryInputStream.h */,
				9279754E16F6CB5B0040E3AA /* CCMemoryOutputStream.h */,
				9270FB1916F4A922006A6788 /* CCAutoRenderMenuItemSprite.h */,
				921F190D16F58D2900A3DC41 /* CCDrawingPrimitivesEx.h */,
				92774AE416EF1D5E008E67C8 /* CCMoreMacros.h */,
				9270FB1E16F4AB46006A6788 /* ccMoreTypes.h */,
				92AE790116F73643009C5FFC /* CCResourceLoader.h */,
				92AE790216F73643009C5FFC /* CCResourceLoaderListener.h */,
				924C929E16F8AC1A00E39658 /* CCMissile.h */,
				925D7D4016F4B4F600622984 /* CCShake.h */,
				92774ADE16EF1CB3008E67C8 /* CCUtils.h */,
				9270FB1D16F4AAFD006A6788 /* cocos2d-common.h */,
			);
			name = include;
			path = "../cocos2dx-common/include";
			sourceTree = "<group>";
		};
		92774ADF16EF1CB3008E67C8 /* src */ = {
			isa = PBXGroup;
			children = (
				9279755116F6CC4C0040E3AA /* CCAssetInputStream.cpp */,
				9279753E16F6C0140040E3AA /* CCAssetInputStream_ios.cpp */,
				9279753F16F6C0140040E3AA /* CCAssetInputStream_ios.h */,
				9279754416F6C5B40040E3AA /* CCAssetInputStream_android.cpp */,
				9279754516F6C5B40040E3AA /* CCAssetInputStream_android.h */,
				9279755316F6CC530040E3AA /* CCAssetOutputStream.cpp */,
				9279754816F6C8960040E3AA /* CCAssetOutputStream_ios.cpp */,
				9279754916F6C8960040E3AA /* CCAssetOutputStream_ios.h */,
				9279754B16F6CAD90040E3AA /* CCAssetOutputStream_android.cpp */,
				9279754C16F6CADA0040E3AA /* CCAssetOutputStream_android.h */,
				9279754216F6C0B70040E3AA /* CCMemoryInputStream.cpp */,
				9279754F16F6CB680040E3AA /* CCMemoryOutputStream.cpp */,
				9270FB1B16F4A927006A6788 /* CCAutoRenderMenuItemSprite.cpp */,
				921F190A16F58D2400A3DC41 /* CCDrawingPrimitivesEx.cpp */,
				92AE790416F73649009C5FFC /* CCResourceLoader.cpp */,
				924C929A16F8AC0900E39658 /* CCMissile.cpp */,
				925D7D3D16F4B4F000622984 /* CCShake.cpp */,
				92774AE016EF1CB3008E67C8 /* CCUtils.cpp */,
			);
			name = src;
			path = "../cocos2dx-common/src";
			sourceTree = "<group>";
		};
		92B516D916E86020009F3536 = {
			isa = PBXGroup;
			children = (
				92774ADD16EF1CB3008E67C8 /* include */,
				92774ADF16EF1CB3008E67C8 /* src */,
				92B516EA16E86020009F3536 /* Supporting Files */,
				92B516E616E86020009F3536 /* Frameworks */,
				92B516E516E86020009F3536 /* Products */,
			);
			sourceTree = "<group>";
		};
		92B516E516E86020009F3536 /* Products */ = {
			isa = PBXGroup;
			children = (
				92B516E416E86020009F3536 /* libcocos2dxcommon.a */,
			);
			name = Products;
			sourceTree = "<group>";
		};
		92B516E616E86020009F3536 /* Frameworks */ = {
			isa = PBXGroup;
			children = (
				92DFBC1016E860D00016648F /* cocos2dx.xcodeproj */,
				92B516E716E86020009F3536 /* Foundation.framework */,
			);
			name = Frameworks;
			sourceTree = "<group>";
		};
		92B516EA16E86020009F3536 /* Supporting Files */ = {
			isa = PBXGroup;
			children = (
				92774AD316EF1C7A008E67C8 /* cocos2dxcommon-Prefix.pch */,
			);
			name = "Supporting Files";
			path = cocos2dxdb;
			sourceTree = "<group>";
		};
		92DFBC1116E860D00016648F /* Products */ = {
			isa = PBXGroup;
			children = (
				92DFBC1816E860D00016648F /* libcocos2dx.a */,
			);
			name = Products;
			sourceTree = "<group>";
		};
/* End PBXGroup section */

/* Begin PBXNativeTarget section */
		92B516E316E86020009F3536 /* cocos2dxcommon */ = {
			isa = PBXNativeTarget;
			buildConfigurationList = 92B516F216E86020009F3536 /* Build configuration list for PBXNativeTarget "cocos2dxcommon" */;
			buildPhases = (
				92B516E016E86020009F3536 /* Sources */,
				92B516E116E86020009F3536 /* Frameworks */,
				92B516E216E86020009F3536 /* CopyFiles */,
			);
			buildRules = (
			);
			dependencies = (
			);
			name = cocos2dxcommon;
			productName = cocos2dxdb;
			productReference = 92B516E416E86020009F3536 /* libcocos2dxcommon.a */;
			productType = "com.apple.product-type.library.static";
		};
/* End PBXNativeTarget section */

/* Begin PBXProject section */
		92B516DB16E86020009F3536 /* Project object */ = {
			isa = PBXProject;
			attributes = {
				LastUpgradeCheck = 0450;
				ORGANIZATIONNAME = luma;
			};
			buildConfigurationList = 92B516DE16E86020009F3536 /* Build configuration list for PBXProject "cocos2dxcommon" */;
			compatibilityVersion = "Xcode 3.2";
			developmentRegion = English;
			hasScannedForEncodings = 0;
			knownRegions = (
				en,
			);
			mainGroup = 92B516D916E86020009F3536;
			productRefGroup = 92B516E516E86020009F3536 /* Products */;
			projectDirPath = "";
			projectReferences = (
				{
					ProductGroup = 92DFBC1116E860D00016648F /* Products */;
					ProjectRef = 92DFBC1016E860D00016648F /* cocos2dx.xcodeproj */;
				},
			);
			projectRoot = "";
			targets = (
				92B516E316E86020009F3536 /* cocos2dxcommon */,
			);
		};
/* End PBXProject section */

/* Begin PBXReferenceProxy section */
		92DFBC1816E860D00016648F /* libcocos2dx.a */ = {
			isa = PBXReferenceProxy;
			fileType = archive.ar;
			path = libcocos2dx.a;
			remoteRef = 92DFBC1716E860D00016648F /* PBXContainerItemProxy */;
			sourceTree = BUILT_PRODUCTS_DIR;
		};
/* End PBXReferenceProxy section */

/* Begin PBXSourcesBuildPhase section */
		92B516E016E86020009F3536 /* Sources */ = {
			isa = PBXSourcesBuildPhase;
			buildActionMask = 2147483647;
			files = (
				92774AE116EF1CB3008E67C8 /* CCUtils.cpp in Sources */,
				9270FB1C16F4A927006A6788 /* CCAutoRenderMenuItemSprite.cpp in Sources */,
				925D7D3E16F4B4F000622984 /* CCShake.cpp in Sources */,
				921F190B16F58D2400A3DC41 /* CCDrawingPrimitivesEx.cpp in Sources */,
				9279754016F6C0140040E3AA /* CCAssetInputStream_ios.cpp in Sources */,
				9279754316F6C0B70040E3AA /* CCMemoryInputStream.cpp in Sources */,
				9279754616F6C5B40040E3AA /* CCAssetInputStream_android.cpp in Sources */,
				9279754A16F6C8960040E3AA /* CCAssetOutputStream_ios.cpp in Sources */,
				9279754D16F6CADA0040E3AA /* CCAssetOutputStream_android.cpp in Sources */,
				9279755016F6CB680040E3AA /* CCMemoryOutputStream.cpp in Sources */,
				9279755216F6CC4C0040E3AA /* CCAssetInputStream.cpp in Sources */,
				9279755416F6CC530040E3AA /* CCAssetOutputStream.cpp in Sources */,
				92AE790516F73649009C5FFC /* CCResourceLoader.cpp in Sources */,
				924C929C16F8AC0900E39658 /* CCMissile.cpp in Sources */,
			);
			runOnlyForDeploymentPostprocessing = 0;
		};
/* End PBXSourcesBuildPhase section */

/* Begin XCBuildConfiguration section */
		92B516F016E86020009F3536 /* Debug */ = {
			isa = XCBuildConfiguration;
			buildSettings = {
				ALWAYS_SEARCH_USER_PATHS = NO;
				CLANG_CXX_LANGUAGE_STANDARD = "compiler-default";
				CLANG_CXX_LIBRARY = "compiler-default";
				CLANG_WARN_EMPTY_BODY = YES;
				CLANG_WARN__DUPLICATE_METHOD_MATCH = YES;
				COPY_PHASE_STRIP = NO;
				GCC_C_LANGUAGE_STANDARD = gnu99;
				GCC_DYNAMIC_NO_PIC = NO;
				GCC_OPTIMIZATION_LEVEL = 0;
				GCC_SYMBOLS_PRIVATE_EXTERN = NO;
				GCC_WARN_ABOUT_RETURN_TYPE = YES;
				GCC_WARN_UNINITIALIZED_AUTOS = YES;
				GCC_WARN_UNUSED_VARIABLE = YES;
				IPHONEOS_DEPLOYMENT_TARGET = 5.0;
				ONLY_ACTIVE_ARCH = YES;
				SDKROOT = iphoneos;
			};
			name = Debug;
		};
		92B516F116E86020009F3536 /* Release */ = {
			isa = XCBuildConfiguration;
			buildSettings = {
				ALWAYS_SEARCH_USER_PATHS = NO;
				CLANG_CXX_LANGUAGE_STANDARD = "compiler-default";
				CLANG_CXX_LIBRARY = "compiler-default";
				CLANG_WARN_EMPTY_BODY = YES;
				CLANG_WARN__DUPLICATE_METHOD_MATCH = YES;
				COPY_PHASE_STRIP = YES;
				GCC_C_LANGUAGE_STANDARD = gnu99;
				GCC_WARN_ABOUT_RETURN_TYPE = YES;
				GCC_WARN_UNINITIALIZED_AUTOS = YES;
				GCC_WARN_UNUSED_VARIABLE = YES;
				IPHONEOS_DEPLOYMENT_TARGET = 5.0;
				SDKROOT = iphoneos;
				VALIDATE_PRODUCT = YES;
			};
			name = Release;
		};
		92B516F316E86020009F3536 /* Debug */ = {
			isa = XCBuildConfiguration;
			buildSettings = {
				DSTROOT = /tmp/cocos2dxdb.dst;
				GCC_INPUT_FILETYPE = sourcecode.cpp.objcpp;
				GCC_PRECOMPILE_PREFIX_HEADER = YES;
				GCC_PREFIX_HEADER = "cocos2dxcommon-Prefix.pch";
				GCC_PREPROCESSOR_DEFINITIONS = (
					CC_TARGET_OS_IPHONE,
					"COCOS2D_DEBUG=1",
				);
				HEADER_SEARCH_PATHS = (
					"$(SRCROOT)/../../cocos2d-x/cocos2dx/include",
					"$(SRCROOT)/../../cocos2d-x/cocos2dx",
					"$(SRCROOT)/../../cocos2d-x/cocos2dx/platform/ios",
					"$(SRCROOT)/../../cocos2d-x/cocos2dx/kazmath/include",
				);
				OTHER_LDFLAGS = "-ObjC";
				PRODUCT_NAME = cocos2dxcommon;
				SKIP_INSTALL = YES;
			};
			name = Debug;
		};
		92B516F416E86020009F3536 /* Release */ = {
			isa = XCBuildConfiguration;
			buildSettings = {
				DSTROOT = /tmp/cocos2dxdb.dst;
				GCC_INPUT_FILETYPE = sourcecode.cpp.objcpp;
				GCC_PRECOMPILE_PREFIX_HEADER = YES;
				GCC_PREFIX_HEADER = "cocos2dxcommon-Prefix.pch";
				GCC_PREPROCESSOR_DEFINITIONS = CC_TARGET_OS_IPHONE;
				HEADER_SEARCH_PATHS = (
					"$(SRCROOT)/../../cocos2d-x/cocos2dx/include",
					"$(SRCROOT)/../../cocos2d-x/cocos2dx",
					"$(SRCROOT)/../../cocos2d-x/cocos2dx/platform/ios",
					"$(SRCROOT)/../../cocos2d-x/cocos2dx/kazmath/include",
				);
				OTHER_LDFLAGS = "-ObjC";
				PRODUCT_NAME = cocos2dxcommon;
				SKIP_INSTALL = YES;
			};
			name = Release;
		};
/* End XCBuildConfiguration section */

/* Begin XCConfigurationList section */
		92B516DE16E86020009F3536 /* Build configuration list for PBXProject "cocos2dxcommon" */ = {
			isa = XCConfigurationList;
			buildConfigurations = (
				92B516F016E86020009F3536 /* Debug */,
				92B516F116E86020009F3536 /* Release */,
			);
			defaultConfigurationIsVisible = 0;
			defaultConfigurationName = Release;
		};
		92B516F216E86020009F3536 /* Build configuration list for PBXNativeTarget "cocos2dxcommon" */ = {
			isa = XCConfigurationList;
			buildConfigurations = (
				92B516F316E86020009F3536 /* Debug */,
				92B516F416E86020009F3536 /* Release */,
			);
			defaultConfigurationIsVisible = 0;
			defaultConfigurationName = Release;
		};
/* End XCConfigurationList section */
	};
	rootObject = 92B516DB16E86020009F3536 /* Project object */;
}
