// !$*UTF8*$!
{
	archiveVersion = 1;
	classes = {
	};
	objectVersion = 46;
	objects = {

/* Begin PBXBuildFile section */
		15A048C41637845600F7CC0A /* VisibleRect.cpp in Sources */ = {isa = PBXBuildFile; fileRef = 15A048C21637845600F7CC0A /* VisibleRect.cpp */; };
		15AA9D6915B7EC460033D6C2 /* controller.cpp in Sources */ = {isa = PBXBuildFile; fileRef = 15AA9CAA15B7EC460033D6C2 /* controller.cpp */; };
		15AA9D9315B7EC460033D6C2 /* testBasic.cpp in Sources */ = {isa = PBXBuildFile; fileRef = 15AA9D3115B7EC460033D6C2 /* testBasic.cpp */; };
		15AA9F3C15B7EF960033D6C2 /* AppDelegate.cpp in Sources */ = {isa = PBXBuildFile; fileRef = 15AA9F3A15B7EF960033D6C2 /* AppDelegate.cpp */; };
		1D3623260D0F684500981E51 /* testsAppDelegate.mm in Sources */ = {isa = PBXBuildFile; fileRef = 1D3623250D0F684500981E51 /* testsAppDelegate.mm */; };
		1D60589B0D05DD56006BFB54 /* main.m in Sources */ = {isa = PBXBuildFile; fileRef = 29B97316FDCFA39411CA2CEA /* main.m */; };
		1D60589F0D05DD5A006BFB54 /* Foundation.framework in Frameworks */ = {isa = PBXBuildFile; fileRef = 1D30AB110D05D00D00671497 /* Foundation.framework */; };
		1DF5F4E00D08C38300B7A737 /* UIKit.framework in Frameworks */ = {isa = PBXBuildFile; fileRef = 1DF5F4DF0D08C38300B7A737 /* UIKit.framework */; };
		288765A50DF7441C002DB57D /* CoreGraphics.framework in Frameworks */ = {isa = PBXBuildFile; fileRef = 288765A40DF7441C002DB57D /* CoreGraphics.framework */; };
		920B54881762FA0F0096B254 /* font in Resources */ = {isa = PBXBuildFile; fileRef = 920B54871762FA0F0096B254 /* font */; };
		921E053218D894C9006644F0 /* tmx in Resources */ = {isa = PBXBuildFile; fileRef = 921E053118D894C9006644F0 /* tmx */; };
		9225962B18D5D2DC00E200AE /* cocosgui in Resources */ = {isa = PBXBuildFile; fileRef = 9225962A18D5D2DC00E200AE /* cocosgui */; };
		92396925185593EF0063E8A1 /* libcocos2dx-better.a in Frameworks */ = {isa = PBXBuildFile; fileRef = 92396924185593DA0063E8A1 /* libcocos2dx-better.a */; };
		92505572176FFADC00E42708 /* strings in Resources */ = {isa = PBXBuildFile; fileRef = 92505571176FFADC00E42708 /* strings */; };
		9255B8AD18556E1800797255 /* AVFoundation.framework in Frameworks */ = {isa = PBXBuildFile; fileRef = 9255B8AC18556E1800797255 /* AVFoundation.framework */; };
		9255B8B118556E2000797255 /* AudioToolbox.framework in Frameworks */ = {isa = PBXBuildFile; fileRef = 9255B8B018556E2000797255 /* AudioToolbox.framework */; };
		9255B8B318556E2800797255 /* OpenAL.framework in Frameworks */ = {isa = PBXBuildFile; fileRef = 9255B8B218556E2800797255 /* OpenAL.framework */; };
		92575520189CE37E007D2369 /* Images.xcassets in Resources */ = {isa = PBXBuildFile; fileRef = 9257551F189CE37E007D2369 /* Images.xcassets */; };
		92668E4A18B5B1190065B75F /* ActionTest.cpp in Sources */ = {isa = PBXBuildFile; fileRef = 92668E4818B5B1190065B75F /* ActionTest.cpp */; };
		92731BD1195E89B700D66FD2 /* StoryTest.cpp in Sources */ = {isa = PBXBuildFile; fileRef = 92731BCF195E89B700D66FD2 /* StoryTest.cpp */; };
		9276E0E918A7324D0045B318 /* StoreKit.framework in Frameworks */ = {isa = PBXBuildFile; fileRef = 9276E0E818A7324D0045B318 /* StoreKit.framework */; };
		9276E0F518A76B240045B318 /* libpthread.dylib in Frameworks */ = {isa = PBXBuildFile; fileRef = 9276E0F418A76B240045B318 /* libpthread.dylib */; };
		92984F3E175D9B0700E63472 /* CoreText.framework in Frameworks */ = {isa = PBXBuildFile; fileRef = 92984F3D175D9B0700E63472 /* CoreText.framework */; };
		92A670F516E893AF008BE79D /* Images in Resources */ = {isa = PBXBuildFile; fileRef = 92A670F416E893AF008BE79D /* Images */; };
		92A6710316E89667008BE79D /* libz.dylib in Frameworks */ = {isa = PBXBuildFile; fileRef = 92A6710216E89667008BE79D /* libz.dylib */; };
		92A6712116E8BA5F008BE79D /* libsqlite3.dylib in Frameworks */ = {isa = PBXBuildFile; fileRef = 92A6712016E8BA5F008BE79D /* libsqlite3.dylib */; };
		92CF92B1175B51970014CDF1 /* CommonTest.cpp in Sources */ = {isa = PBXBuildFile; fileRef = 92CF92AF175B51970014CDF1 /* CommonTest.cpp */; };
		92DEC97F18DC54E100A9A384 /* TMXTest.cpp in Sources */ = {isa = PBXBuildFile; fileRef = 92DEC97D18DC54E100A9A384 /* TMXTest.cpp */; };
		92DFF091182F12E6006C4ECD /* MediaPlayer.framework in Frameworks */ = {isa = PBXBuildFile; fileRef = 92DFF090182F12E6006C4ECD /* MediaPlayer.framework */; };
		92E8F4B3185C30C8000A1D59 /* NetworkTest.cpp in Sources */ = {isa = PBXBuildFile; fileRef = 92E8F4B1185C30C8000A1D59 /* NetworkTest.cpp */; };
		92F68E7D1855A84400C97188 /* DBTest.cpp in Sources */ = {isa = PBXBuildFile; fileRef = 92F68E7B1855A84400C97188 /* DBTest.cpp */; };
		92F68EC01855B4D000C97188 /* JSONTest.cpp in Sources */ = {isa = PBXBuildFile; fileRef = 92F68EBE1855B4D000C97188 /* JSONTest.cpp */; };
		92F68ECE1855B60F00C97188 /* Files in Resources */ = {isa = PBXBuildFile; fileRef = 92F68ECD1855B60F00C97188 /* Files */; };
		92F68F471855BEF400C97188 /* AnimTest.cpp in Sources */ = {isa = PBXBuildFile; fileRef = 92F68F451855BEF400C97188 /* AnimTest.cpp */; };
		BF171245129291EC00B8313A /* OpenGLES.framework in Frameworks */ = {isa = PBXBuildFile; fileRef = BF170DB012928DE900B8313A /* OpenGLES.framework */; };
		BF1C47F01293687400B63C5D /* QuartzCore.framework in Frameworks */ = {isa = PBXBuildFile; fileRef = BF1C47EA1293683800B63C5D /* QuartzCore.framework */; };
		BF3326F413690DA4007CAA22 /* RootViewController.mm in Sources */ = {isa = PBXBuildFile; fileRef = BF3326F313690DA4007CAA22 /* RootViewController.mm */; };
/* End PBXBuildFile section */

/* Begin PBXContainerItemProxy section */
		922326EE1855DAF400E535E3 /* PBXContainerItemProxy */ = {
			isa = PBXContainerItemProxy;
			containerPortal = 9239691D185593D90063E8A1 /* cocos2dx-better.xcodeproj */;
			proxyType = 1;
			remoteGlobalIDString = 92B516E316E86020009F3536;
			remoteInfo = "cocos2dx-better";
		};
		92396923185593DA0063E8A1 /* PBXContainerItemProxy */ = {
			isa = PBXContainerItemProxy;
			containerPortal = 9239691D185593D90063E8A1 /* cocos2dx-better.xcodeproj */;
			proxyType = 2;
			remoteGlobalIDString = 92B516E416E86020009F3536;
			remoteInfo = "cocos2dx-better";
		};
		92D666F519063F8800CCB0FC /* PBXContainerItemProxy */ = {
			isa = PBXContainerItemProxy;
			containerPortal = 9239691D185593D90063E8A1 /* cocos2dx-better.xcodeproj */;
			proxyType = 2;
			remoteGlobalIDString = 923EEB1318ED916400E698A3;
			remoteInfo = curl;
		};
/* End PBXContainerItemProxy section */

/* Begin PBXFileReference section */
		15A048C21637845600F7CC0A /* VisibleRect.cpp */ = {isa = PBXFileReference; fileEncoding = 4; lastKnownFileType = sourcecode.cpp.cpp; name = VisibleRect.cpp; path = ../Classes/VisibleRect.cpp; sourceTree = "<group>"; };
		15A048C31637845600F7CC0A /* VisibleRect.h */ = {isa = PBXFileReference; fileEncoding = 4; lastKnownFileType = sourcecode.c.h; name = VisibleRect.h; path = ../Classes/VisibleRect.h; sourceTree = "<group>"; };
		15AA9CAA15B7EC460033D6C2 /* controller.cpp */ = {isa = PBXFileReference; fileEncoding = 4; lastKnownFileType = sourcecode.cpp.cpp; path = controller.cpp; sourceTree = "<group>"; };
		15AA9CAB15B7EC460033D6C2 /* controller.h */ = {isa = PBXFileReference; fileEncoding = 4; lastKnownFileType = sourcecode.c.h; path = controller.h; sourceTree = "<group>"; };
		15AA9D3115B7EC460033D6C2 /* testBasic.cpp */ = {isa = PBXFileReference; fileEncoding = 4; lastKnownFileType = sourcecode.cpp.cpp; path = testBasic.cpp; sourceTree = "<group>"; };
		15AA9D3215B7EC460033D6C2 /* testBasic.h */ = {isa = PBXFileReference; fileEncoding = 4; lastKnownFileType = sourcecode.c.h; path = testBasic.h; sourceTree = "<group>"; };
		15AA9D3315B7EC460033D6C2 /* testResource.h */ = {isa = PBXFileReference; fileEncoding = 4; lastKnownFileType = sourcecode.c.h; path = testResource.h; sourceTree = "<group>"; };
		15AA9D3415B7EC460033D6C2 /* tests.h */ = {isa = PBXFileReference; fileEncoding = 4; lastKnownFileType = sourcecode.c.h; path = tests.h; sourceTree = "<group>"; };
		15AA9F3A15B7EF960033D6C2 /* AppDelegate.cpp */ = {isa = PBXFileReference; fileEncoding = 4; lastKnownFileType = sourcecode.cpp.cpp; path = AppDelegate.cpp; sourceTree = "<group>"; };
		15AA9F3B15B7EF960033D6C2 /* AppDelegate.h */ = {isa = PBXFileReference; fileEncoding = 4; lastKnownFileType = sourcecode.c.h; path = AppDelegate.h; sourceTree = "<group>"; };
		1D30AB110D05D00D00671497 /* Foundation.framework */ = {isa = PBXFileReference; lastKnownFileType = wrapper.framework; name = Foundation.framework; path = System/Library/Frameworks/Foundation.framework; sourceTree = SDKROOT; };
		1D3623240D0F684500981E51 /* testsAppDelegate.h */ = {isa = PBXFileReference; fileEncoding = 4; lastKnownFileType = sourcecode.c.h; path = testsAppDelegate.h; sourceTree = "<group>"; };
		1D3623250D0F684500981E51 /* testsAppDelegate.mm */ = {isa = PBXFileReference; fileEncoding = 4; lastKnownFileType = sourcecode.cpp.objcpp; path = testsAppDelegate.mm; sourceTree = "<group>"; };
		1D6058910D05DD3D006BFB54 /* TestCpp.app */ = {isa = PBXFileReference; explicitFileType = wrapper.application; includeInIndex = 0; path = TestCpp.app; sourceTree = BUILT_PRODUCTS_DIR; };
		1DF5F4DF0D08C38300B7A737 /* UIKit.framework */ = {isa = PBXFileReference; lastKnownFileType = wrapper.framework; name = UIKit.framework; path = System/Library/Frameworks/UIKit.framework; sourceTree = SDKROOT; };
		288765A40DF7441C002DB57D /* CoreGraphics.framework */ = {isa = PBXFileReference; lastKnownFileType = wrapper.framework; name = CoreGraphics.framework; path = System/Library/Frameworks/CoreGraphics.framework; sourceTree = SDKROOT; };
		29B97316FDCFA39411CA2CEA /* main.m */ = {isa = PBXFileReference; fileEncoding = 4; lastKnownFileType = sourcecode.c.objc; name = main.m; path = ../main.m; sourceTree = "<group>"; };
		32CA4F630368D1EE00C91783 /* iphone_Prefix.pch */ = {isa = PBXFileReference; fileEncoding = 4; lastKnownFileType = sourcecode.c.h; name = iphone_Prefix.pch; path = ../iphone_Prefix.pch; sourceTree = "<group>"; };
		920B54871762FA0F0096B254 /* font */ = {isa = PBXFileReference; lastKnownFileType = folder; path = font; sourceTree = "<group>"; };
		921E053118D894C9006644F0 /* tmx */ = {isa = PBXFileReference; lastKnownFileType = folder; path = tmx; sourceTree = "<group>"; };
		9225962A18D5D2DC00E200AE /* cocosgui */ = {isa = PBXFileReference; lastKnownFileType = folder; path = cocosgui; sourceTree = "<group>"; };
		9239691D185593D90063E8A1 /* cocos2dx-better.xcodeproj */ = {isa = PBXFileReference; lastKnownFileType = "wrapper.pb-project"; name = "cocos2dx-better.xcodeproj"; path = "../../proj.ios/cocos2dx-better.xcodeproj"; sourceTree = "<group>"; };
		92505571176FFADC00E42708 /* strings */ = {isa = PBXFileReference; lastKnownFileType = folder; path = strings; sourceTree = "<group>"; };
		9255B8AC18556E1800797255 /* AVFoundation.framework */ = {isa = PBXFileReference; lastKnownFileType = wrapper.framework; name = AVFoundation.framework; path = System/Library/Frameworks/AVFoundation.framework; sourceTree = SDKROOT; };
		9255B8B018556E2000797255 /* AudioToolbox.framework */ = {isa = PBXFileReference; lastKnownFileType = wrapper.framework; name = AudioToolbox.framework; path = System/Library/Frameworks/AudioToolbox.framework; sourceTree = SDKROOT; };
		9255B8B218556E2800797255 /* OpenAL.framework */ = {isa = PBXFileReference; lastKnownFileType = wrapper.framework; name = OpenAL.framework; path = System/Library/Frameworks/OpenAL.framework; sourceTree = SDKROOT; };
		9257551F189CE37E007D2369 /* Images.xcassets */ = {isa = PBXFileReference; lastKnownFileType = folder.assetcatalog; name = Images.xcassets; path = TestCpp/Images.xcassets; sourceTree = SOURCE_ROOT; };
		92668E4818B5B1190065B75F /* ActionTest.cpp */ = {isa = PBXFileReference; fileEncoding = 4; lastKnownFileType = sourcecode.cpp.cpp; path = ActionTest.cpp; sourceTree = "<group>"; };
		92668E4918B5B1190065B75F /* ActionTest.h */ = {isa = PBXFileReference; fileEncoding = 4; lastKnownFileType = sourcecode.c.h; path = ActionTest.h; sourceTree = "<group>"; };
		92731BCF195E89B700D66FD2 /* StoryTest.cpp */ = {isa = PBXFileReference; fileEncoding = 4; lastKnownFileType = sourcecode.cpp.cpp; path = StoryTest.cpp; sourceTree = "<group>"; };
		92731BD0195E89B700D66FD2 /* StoryTest.h */ = {isa = PBXFileReference; fileEncoding = 4; lastKnownFileType = sourcecode.c.h; path = StoryTest.h; sourceTree = "<group>"; };
		9276E0E818A7324D0045B318 /* StoreKit.framework */ = {isa = PBXFileReference; lastKnownFileType = wrapper.framework; name = StoreKit.framework; path = System/Library/Frameworks/StoreKit.framework; sourceTree = SDKROOT; };
		9276E0F418A76B240045B318 /* libpthread.dylib */ = {isa = PBXFileReference; lastKnownFileType = "compiled.mach-o.dylib"; name = libpthread.dylib; path = usr/lib/libpthread.dylib; sourceTree = SDKROOT; };
		92984F3D175D9B0700E63472 /* CoreText.framework */ = {isa = PBXFileReference; lastKnownFileType = wrapper.framework; name = CoreText.framework; path = System/Library/Frameworks/CoreText.framework; sourceTree = SDKROOT; };
		92A670F416E893AF008BE79D /* Images */ = {isa = PBXFileReference; lastKnownFileType = folder; path = Images; sourceTree = "<group>"; };
		92A6710216E89667008BE79D /* libz.dylib */ = {isa = PBXFileReference; lastKnownFileType = "compiled.mach-o.dylib"; name = libz.dylib; path = usr/lib/libz.dylib; sourceTree = SDKROOT; };
		92A6712016E8BA5F008BE79D /* libsqlite3.dylib */ = {isa = PBXFileReference; lastKnownFileType = "compiled.mach-o.dylib"; name = libsqlite3.dylib; path = usr/lib/libsqlite3.dylib; sourceTree = SDKROOT; };
		92CF92AF175B51970014CDF1 /* CommonTest.cpp */ = {isa = PBXFileReference; fileEncoding = 4; lastKnownFileType = sourcecode.cpp.cpp; path = CommonTest.cpp; sourceTree = "<group>"; };
		92CF92B0175B51970014CDF1 /* CommonTest.h */ = {isa = PBXFileReference; fileEncoding = 4; lastKnownFileType = sourcecode.c.h; path = CommonTest.h; sourceTree = "<group>"; };
		92DEC97D18DC54E100A9A384 /* TMXTest.cpp */ = {isa = PBXFileReference; fileEncoding = 4; lastKnownFileType = sourcecode.cpp.cpp; path = TMXTest.cpp; sourceTree = "<group>"; };
		92DEC97E18DC54E100A9A384 /* TMXTest.h */ = {isa = PBXFileReference; fileEncoding = 4; lastKnownFileType = sourcecode.c.h; path = TMXTest.h; sourceTree = "<group>"; };
		92DFF090182F12E6006C4ECD /* MediaPlayer.framework */ = {isa = PBXFileReference; lastKnownFileType = wrapper.framework; name = MediaPlayer.framework; path = System/Library/Frameworks/MediaPlayer.framework; sourceTree = SDKROOT; };
		92E8F4B1185C30C8000A1D59 /* NetworkTest.cpp */ = {isa = PBXFileReference; fileEncoding = 4; lastKnownFileType = sourcecode.cpp.cpp; path = NetworkTest.cpp; sourceTree = "<group>"; };
		92E8F4B2185C30C8000A1D59 /* NetworkTest.h */ = {isa = PBXFileReference; fileEncoding = 4; lastKnownFileType = sourcecode.c.h; path = NetworkTest.h; sourceTree = "<group>"; };
		92F68E7B1855A84400C97188 /* DBTest.cpp */ = {isa = PBXFileReference; fileEncoding = 4; lastKnownFileType = sourcecode.cpp.cpp; path = DBTest.cpp; sourceTree = "<group>"; };
		92F68E7C1855A84400C97188 /* DBTest.h */ = {isa = PBXFileReference; fileEncoding = 4; lastKnownFileType = sourcecode.c.h; path = DBTest.h; sourceTree = "<group>"; };
		92F68EBE1855B4D000C97188 /* JSONTest.cpp */ = {isa = PBXFileReference; fileEncoding = 4; lastKnownFileType = sourcecode.cpp.cpp; path = JSONTest.cpp; sourceTree = "<group>"; };
		92F68EBF1855B4D000C97188 /* JSONTest.h */ = {isa = PBXFileReference; fileEncoding = 4; lastKnownFileType = sourcecode.c.h; path = JSONTest.h; sourceTree = "<group>"; };
		92F68ECD1855B60F00C97188 /* Files */ = {isa = PBXFileReference; lastKnownFileType = folder; path = Files; sourceTree = "<group>"; };
		92F68F451855BEF400C97188 /* AnimTest.cpp */ = {isa = PBXFileReference; fileEncoding = 4; lastKnownFileType = sourcecode.cpp.cpp; path = AnimTest.cpp; sourceTree = "<group>"; };
		92F68F461855BEF400C97188 /* AnimTest.h */ = {isa = PBXFileReference; fileEncoding = 4; lastKnownFileType = sourcecode.c.h; path = AnimTest.h; sourceTree = "<group>"; };
		BF170DB012928DE900B8313A /* OpenGLES.framework */ = {isa = PBXFileReference; lastKnownFileType = wrapper.framework; name = OpenGLES.framework; path = System/Library/Frameworks/OpenGLES.framework; sourceTree = SDKROOT; };
		BF1C47EA1293683800B63C5D /* QuartzCore.framework */ = {isa = PBXFileReference; lastKnownFileType = wrapper.framework; name = QuartzCore.framework; path = System/Library/Frameworks/QuartzCore.framework; sourceTree = SDKROOT; };
		BF3326F213690DA4007CAA22 /* RootViewController.h */ = {isa = PBXFileReference; fileEncoding = 4; lastKnownFileType = sourcecode.c.h; path = RootViewController.h; sourceTree = "<group>"; };
		BF3326F313690DA4007CAA22 /* RootViewController.mm */ = {isa = PBXFileReference; fileEncoding = 4; lastKnownFileType = sourcecode.cpp.objcpp; path = RootViewController.mm; sourceTree = "<group>"; };
		D4F9F37B12E54555005CA6D2 /* Test-Info.plist */ = {isa = PBXFileReference; fileEncoding = 4; lastKnownFileType = text.plist.xml; path = "Test-Info.plist"; sourceTree = SOURCE_ROOT; };
/* End PBXFileReference section */

/* Begin PBXFrameworksBuildPhase section */
		1D60588F0D05DD3D006BFB54 /* Frameworks */ = {
			isa = PBXFrameworksBuildPhase;
			buildActionMask = 2147483647;
			files = (
				9276E0F518A76B240045B318 /* libpthread.dylib in Frameworks */,
				9276E0E918A7324D0045B318 /* StoreKit.framework in Frameworks */,
				9255B8B318556E2800797255 /* OpenAL.framework in Frameworks */,
				9255B8B118556E2000797255 /* AudioToolbox.framework in Frameworks */,
				9255B8AD18556E1800797255 /* AVFoundation.framework in Frameworks */,
				92DFF091182F12E6006C4ECD /* MediaPlayer.framework in Frameworks */,
				92984F3E175D9B0700E63472 /* CoreText.framework in Frameworks */,
				92A6712116E8BA5F008BE79D /* libsqlite3.dylib in Frameworks */,
				92A6710316E89667008BE79D /* libz.dylib in Frameworks */,
				92396925185593EF0063E8A1 /* libcocos2dx-better.a in Frameworks */,
				1D60589F0D05DD5A006BFB54 /* Foundation.framework in Frameworks */,
				1DF5F4E00D08C38300B7A737 /* UIKit.framework in Frameworks */,
				288765A50DF7441C002DB57D /* CoreGraphics.framework in Frameworks */,
				BF171245129291EC00B8313A /* OpenGLES.framework in Frameworks */,
				BF1C47F01293687400B63C5D /* QuartzCore.framework in Frameworks */,
			);
			runOnlyForDeploymentPostprocessing = 0;
		};
/* End PBXFrameworksBuildPhase section */

/* Begin PBXGroup section */
		080E96DDFE201D6D7F000001 /* ios */ = {
			isa = PBXGroup;
			children = (
				D4F9F37B12E54555005CA6D2 /* Test-Info.plist */,
				29B97316FDCFA39411CA2CEA /* main.m */,
				1D3623240D0F684500981E51 /* testsAppDelegate.h */,
				32CA4F630368D1EE00C91783 /* iphone_Prefix.pch */,
				1D3623250D0F684500981E51 /* testsAppDelegate.mm */,
				BF3326F213690DA4007CAA22 /* RootViewController.h */,
				BF3326F313690DA4007CAA22 /* RootViewController.mm */,
			);
			name = ios;
			path = Classes;
			sourceTree = "<group>";
		};
		15AA9C4015B7EC450033D6C2 /* Classes */ = {
			isa = PBXGroup;
			children = (
				92668E4718B5B1190065B75F /* ActionTest */,
				92F68F441855BEF400C97188 /* AnimTest */,
				92F68EBD1855B4D000C97188 /* JSONTest */,
				92731BCE195E89B700D66FD2 /* StoryTest */,
				92E8F4B0185C30C8000A1D59 /* NetworkTest */,
				92F68E7A1855A84400C97188 /* DBTest */,
				92DEC97C18DC54E100A9A384 /* TMXTest */,
				92CF92AE175B51970014CDF1 /* CommonTest */,
				15AA9F3A15B7EF960033D6C2 /* AppDelegate.cpp */,
				15AA9CAA15B7EC460033D6C2 /* controller.cpp */,
				15AA9D3115B7EC460033D6C2 /* testBasic.cpp */,
				15A048C21637845600F7CC0A /* VisibleRect.cpp */,
				15AA9F3B15B7EF960033D6C2 /* AppDelegate.h */,
				15AA9CAB15B7EC460033D6C2 /* controller.h */,
				15AA9D3215B7EC460033D6C2 /* testBasic.h */,
				15AA9D3315B7EC460033D6C2 /* testResource.h */,
				15AA9D3415B7EC460033D6C2 /* tests.h */,
				15A048C31637845600F7CC0A /* VisibleRect.h */,
			);
			name = Classes;
			path = ../classes;
			sourceTree = "<group>";
		};
		19C28FACFE9D520D11CA2CBB /* Products */ = {
			isa = PBXGroup;
			children = (
				1D6058910D05DD3D006BFB54 /* TestCpp.app */,
			);
			name = Products;
			sourceTree = "<group>";
		};
		29B97314FDCFA39411CA2CEA /* CustomTemplate */ = {
			isa = PBXGroup;
			children = (
				15AA9C4015B7EC450033D6C2 /* Classes */,
				29B97323FDCFA39411CA2CEA /* Frameworks */,
				080E96DDFE201D6D7F000001 /* ios */,
				19C28FACFE9D520D11CA2CBB /* Products */,
				78C7DDAA14EBA5050085D0C2 /* Resources */,
			);
			name = CustomTemplate;
			sourceTree = "<group>";
		};
		29B97323FDCFA39411CA2CEA /* Frameworks */ = {
			isa = PBXGroup;
			children = (
				9239691D185593D90063E8A1 /* cocos2dx-better.xcodeproj */,
				9276E0E818A7324D0045B318 /* StoreKit.framework */,
				9255B8B218556E2800797255 /* OpenAL.framework */,
				9255B8B018556E2000797255 /* AudioToolbox.framework */,
				9255B8AC18556E1800797255 /* AVFoundation.framework */,
				92DFF090182F12E6006C4ECD /* MediaPlayer.framework */,
				288765A40DF7441C002DB57D /* CoreGraphics.framework */,
				1D30AB110D05D00D00671497 /* Foundation.framework */,
				BF170DB012928DE900B8313A /* OpenGLES.framework */,
				92984F3D175D9B0700E63472 /* CoreText.framework */,
				BF1C47EA1293683800B63C5D /* QuartzCore.framework */,
				1DF5F4DF0D08C38300B7A737 /* UIKit.framework */,
				9276E0F418A76B240045B318 /* libpthread.dylib */,
				92A6710216E89667008BE79D /* libz.dylib */,
				92A6712016E8BA5F008BE79D /* libsqlite3.dylib */,
			);
			name = Frameworks;
			sourceTree = "<group>";
		};
		78C7DDAA14EBA5050085D0C2 /* Resources */ = {
			isa = PBXGroup;
			children = (
				9257551F189CE37E007D2369 /* Images.xcassets */,
				9225962A18D5D2DC00E200AE /* cocosgui */,
				92F68ECD1855B60F00C97188 /* Files */,
				920B54871762FA0F0096B254 /* font */,
				92A670F416E893AF008BE79D /* Images */,
				921E053118D894C9006644F0 /* tmx */,
				92505571176FFADC00E42708 /* strings */,
			);
			name = Resources;
			path = ../Resources;
			sourceTree = "<group>";
		};
		9239691E185593D90063E8A1 /* Products */ = {
			isa = PBXGroup;
			children = (
				92396924185593DA0063E8A1 /* libcocos2dx-better.a */,
				92D666F619063F8800CCB0FC /* libcurl.a */,
			);
			name = Products;
			sourceTree = "<group>";
		};
		92668E4718B5B1190065B75F /* ActionTest */ = {
			isa = PBXGroup;
			children = (
				92668E4818B5B1190065B75F /* ActionTest.cpp */,
				92668E4918B5B1190065B75F /* ActionTest.h */,
			);
			name = ActionTest;
			path = ../Classes/ActionTest;
			sourceTree = "<group>";
		};
		92731BCE195E89B700D66FD2 /* StoryTest */ = {
			isa = PBXGroup;
			children = (
				92731BCF195E89B700D66FD2 /* StoryTest.cpp */,
				92731BD0195E89B700D66FD2 /* StoryTest.h */,
			);
			name = StoryTest;
			path = ../Classes/StoryTest;
			sourceTree = "<group>";
		};
		92CF92AE175B51970014CDF1 /* CommonTest */ = {
			isa = PBXGroup;
			children = (
				92CF92AF175B51970014CDF1 /* CommonTest.cpp */,
				92CF92B0175B51970014CDF1 /* CommonTest.h */,
			);
			name = CommonTest;
			path = ../Classes/CommonTest;
			sourceTree = "<group>";
		};
		92DEC97C18DC54E100A9A384 /* TMXTest */ = {
			isa = PBXGroup;
			children = (
				92DEC97D18DC54E100A9A384 /* TMXTest.cpp */,
				92DEC97E18DC54E100A9A384 /* TMXTest.h */,
			);
			name = TMXTest;
			path = ../Classes/TMXTest;
			sourceTree = "<group>";
		};
		92E8F4B0185C30C8000A1D59 /* NetworkTest */ = {
			isa = PBXGroup;
			children = (
				92E8F4B1185C30C8000A1D59 /* NetworkTest.cpp */,
				92E8F4B2185C30C8000A1D59 /* NetworkTest.h */,
			);
			name = NetworkTest;
			path = ../Classes/NetworkTest;
			sourceTree = "<group>";
		};
		92F68E7A1855A84400C97188 /* DBTest */ = {
			isa = PBXGroup;
			children = (
				92F68E7B1855A84400C97188 /* DBTest.cpp */,
				92F68E7C1855A84400C97188 /* DBTest.h */,
			);
			name = DBTest;
			path = ../Classes/DBTest;
			sourceTree = "<group>";
		};
		92F68EBD1855B4D000C97188 /* JSONTest */ = {
			isa = PBXGroup;
			children = (
				92F68EBE1855B4D000C97188 /* JSONTest.cpp */,
				92F68EBF1855B4D000C97188 /* JSONTest.h */,
			);
			name = JSONTest;
			path = ../Classes/JSONTest;
			sourceTree = "<group>";
		};
		92F68F441855BEF400C97188 /* AnimTest */ = {
			isa = PBXGroup;
			children = (
				92F68F451855BEF400C97188 /* AnimTest.cpp */,
				92F68F461855BEF400C97188 /* AnimTest.h */,
			);
			name = AnimTest;
			path = ../Classes/AnimTest;
			sourceTree = "<group>";
		};
/* End PBXGroup section */

/* Begin PBXNativeTarget section */
		1D6058900D05DD3D006BFB54 /* TestCpp */ = {
			isa = PBXNativeTarget;
			buildConfigurationList = 1D6058960D05DD3E006BFB54 /* Build configuration list for PBXNativeTarget "TestCpp" */;
			buildPhases = (
				1D60588D0D05DD3D006BFB54 /* Resources */,
				1D60588E0D05DD3D006BFB54 /* Sources */,
				1D60588F0D05DD3D006BFB54 /* Frameworks */,
			);
			buildRules = (
			);
			dependencies = (
				922326EF1855DAF400E535E3 /* PBXTargetDependency */,
			);
			name = TestCpp;
			productName = iphone;
			productReference = 1D6058910D05DD3D006BFB54 /* TestCpp.app */;
			productType = "com.apple.product-type.application";
		};
/* End PBXNativeTarget section */

/* Begin PBXProject section */
		29B97313FDCFA39411CA2CEA /* Project object */ = {
			isa = PBXProject;
			attributes = {
				LastUpgradeCheck = 0430;
			};
			buildConfigurationList = C01FCF4E08A954540054247B /* Build configuration list for PBXProject "TestCpp" */;
			compatibilityVersion = "Xcode 3.2";
			developmentRegion = English;
			hasScannedForEncodings = 1;
			knownRegions = (
				English,
				Japanese,
				French,
				German,
			);
			mainGroup = 29B97314FDCFA39411CA2CEA /* CustomTemplate */;
			projectDirPath = "";
			projectReferences = (
				{
					ProductGroup = 9239691E185593D90063E8A1 /* Products */;
					ProjectRef = 9239691D185593D90063E8A1 /* cocos2dx-better.xcodeproj */;
				},
			);
			projectRoot = "";
			targets = (
				1D6058900D05DD3D006BFB54 /* TestCpp */,
			);
		};
/* End PBXProject section */

/* Begin PBXReferenceProxy section */
		92396924185593DA0063E8A1 /* libcocos2dx-better.a */ = {
			isa = PBXReferenceProxy;
			fileType = archive.ar;
			path = "libcocos2dx-better.a";
			remoteRef = 92396923185593DA0063E8A1 /* PBXContainerItemProxy */;
			sourceTree = BUILT_PRODUCTS_DIR;
		};
		92D666F619063F8800CCB0FC /* libcurl.a */ = {
			isa = PBXReferenceProxy;
			fileType = archive.ar;
			path = libcurl.a;
			remoteRef = 92D666F519063F8800CCB0FC /* PBXContainerItemProxy */;
			sourceTree = BUILT_PRODUCTS_DIR;
		};
/* End PBXReferenceProxy section */

/* Begin PBXResourcesBuildPhase section */
		1D60588D0D05DD3D006BFB54 /* Resources */ = {
			isa = PBXResourcesBuildPhase;
			buildActionMask = 2147483647;
			files = (
				92F68ECE1855B60F00C97188 /* Files in Resources */,
				92A670F516E893AF008BE79D /* Images in Resources */,
				92575520189CE37E007D2369 /* Images.xcassets in Resources */,
				920B54881762FA0F0096B254 /* font in Resources */,
				9225962B18D5D2DC00E200AE /* cocosgui in Resources */,
				921E053218D894C9006644F0 /* tmx in Resources */,
				92505572176FFADC00E42708 /* strings in Resources */,
			);
			runOnlyForDeploymentPostprocessing = 0;
		};
/* End PBXResourcesBuildPhase section */

/* Begin PBXSourcesBuildPhase section */
		1D60588E0D05DD3D006BFB54 /* Sources */ = {
			isa = PBXSourcesBuildPhase;
			buildActionMask = 2147483647;
			files = (
				1D60589B0D05DD56006BFB54 /* main.m in Sources */,
				92731BD1195E89B700D66FD2 /* StoryTest.cpp in Sources */,
				92DEC97F18DC54E100A9A384 /* TMXTest.cpp in Sources */,
				92F68E7D1855A84400C97188 /* DBTest.cpp in Sources */,
				1D3623260D0F684500981E51 /* testsAppDelegate.mm in Sources */,
				92668E4A18B5B1190065B75F /* ActionTest.cpp in Sources */,
				BF3326F413690DA4007CAA22 /* RootViewController.mm in Sources */,
				15AA9D6915B7EC460033D6C2 /* controller.cpp in Sources */,
				15AA9D9315B7EC460033D6C2 /* testBasic.cpp in Sources */,
				15AA9F3C15B7EF960033D6C2 /* AppDelegate.cpp in Sources */,
				92F68F471855BEF400C97188 /* AnimTest.cpp in Sources */,
				92F68EC01855B4D000C97188 /* JSONTest.cpp in Sources */,
				15A048C41637845600F7CC0A /* VisibleRect.cpp in Sources */,
				92E8F4B3185C30C8000A1D59 /* NetworkTest.cpp in Sources */,
				92CF92B1175B51970014CDF1 /* CommonTest.cpp in Sources */,
			);
			runOnlyForDeploymentPostprocessing = 0;
		};
/* End PBXSourcesBuildPhase section */

/* Begin PBXTargetDependency section */
		922326EF1855DAF400E535E3 /* PBXTargetDependency */ = {
			isa = PBXTargetDependency;
			name = "cocos2dx-better";
			targetProxy = 922326EE1855DAF400E535E3 /* PBXContainerItemProxy */;
		};
/* End PBXTargetDependency section */

/* Begin XCBuildConfiguration section */
		1D6058940D05DD3E006BFB54 /* Debug */ = {
			isa = XCBuildConfiguration;
			buildSettings = {
				ALWAYS_SEARCH_USER_PATHS = NO;
				ASSETCATALOG_COMPILER_APPICON_NAME = AppIcon;
				ASSETCATALOG_COMPILER_LAUNCHIMAGE_NAME = LaunchImage;
				CODE_SIGN_IDENTITY = "iPhone Developer";
				"CODE_SIGN_IDENTITY[sdk=iphoneos*]" = "iPhone Developer";
				COPY_PHASE_STRIP = NO;
				GCC_DYNAMIC_NO_PIC = NO;
				GCC_INLINES_ARE_PRIVATE_EXTERN = NO;
				GCC_INPUT_FILETYPE = sourcecode.cpp.objcpp;
				GCC_OPTIMIZATION_LEVEL = 0;
				GCC_PRECOMPILE_PREFIX_HEADER = YES;
				GCC_PREFIX_HEADER = iphone_Prefix.pch;
				GCC_PREPROCESSOR_DEFINITIONS = (
					USE_FILE32API,
					CC_TARGET_OS_IPHONE,
					"COCOS2D_DEBUG=1",
				);
				GCC_SYMBOLS_PRIVATE_EXTERN = NO;
				GCC_VERSION = "";
				HEADER_SEARCH_PATHS = (
					"\"$(SRCROOT)/../../../cocos2d-x/cocos2dx/kazmath/include\"",
					"\"$(SRCROOT)/../../../cocos2d-x/cocos2dx\"",
					"\"$(SRCROOT)/../../../cocos2d-x/cocos2dx/include\"",
					"\"$(SRCROOT)/../../../cocos2d-x/cocos2dx/platform/ios\"",
					"$(SRCROOT)/../../cocos2dx-better/include",
					"$(SRCROOT)/../../../cocos2d-x/extensions/**",
				);
				INFOPLIST_FILE = "Test-Info.plist";
				IPHONEOS_DEPLOYMENT_TARGET = 5.0;
				OTHER_CFLAGS = "-O2";
				PRODUCT_NAME = TestCpp;
				PROVISIONING_PROFILE = "";
				"PROVISIONING_PROFILE[sdk=iphoneos*]" = "";
				TARGETED_DEVICE_FAMILY = "1,2";
				USER_HEADER_SEARCH_PATHS = "";
			};
			name = Debug;
		};
		1D6058950D05DD3E006BFB54 /* Release */ = {
			isa = XCBuildConfiguration;
			buildSettings = {
				ALWAYS_SEARCH_USER_PATHS = NO;
				ASSETCATALOG_COMPILER_APPICON_NAME = AppIcon;
				ASSETCATALOG_COMPILER_LAUNCHIMAGE_NAME = LaunchImage;
				CODE_SIGN_IDENTITY = "iPhone Developer";
				"CODE_SIGN_IDENTITY[sdk=iphoneos*]" = "iPhone Developer";
				COPY_PHASE_STRIP = YES;
				GCC_INLINES_ARE_PRIVATE_EXTERN = NO;
				GCC_INPUT_FILETYPE = sourcecode.cpp.objcpp;
				GCC_OPTIMIZATION_LEVEL = 0;
				GCC_PRECOMPILE_PREFIX_HEADER = YES;
				GCC_PREFIX_HEADER = iphone_Prefix.pch;
				GCC_PREPROCESSOR_DEFINITIONS = (
					USE_FILE32API,
					CC_TARGET_OS_IPHONE,
				);
				GCC_SYMBOLS_PRIVATE_EXTERN = NO;
				GCC_VERSION = "";
				HEADER_SEARCH_PATHS = (
					"\"$(SRCROOT)/../../../cocos2d-x/cocos2dx/kazmath/include\"",
					"\"$(SRCROOT)/../../../cocos2d-x/cocos2dx\"",
					"\"$(SRCROOT)/../../../cocos2d-x/cocos2dx/include\"",
					"\"$(SRCROOT)/../../../cocos2d-x/cocos2dx/platform/ios\"",
					"$(SRCROOT)/../../cocos2dx-better/include",
					"$(SRCROOT)/../../../cocos2d-x/extensions/**",
				);
				INFOPLIST_FILE = "Test-Info.plist";
				IPHONEOS_DEPLOYMENT_TARGET = 5.0;
				PRODUCT_NAME = TestCpp;
				PROVISIONING_PROFILE = "";
				"PROVISIONING_PROFILE[sdk=iphoneos*]" = "";
				TARGETED_DEVICE_FAMILY = "1,2";
				USER_HEADER_SEARCH_PATHS = "";
				VALIDATE_PRODUCT = YES;
			};
			name = Release;
		};
		C01FCF4F08A954540054247B /* Debug */ = {
			isa = XCBuildConfiguration;
			buildSettings = {
				ARCHS = "$(ARCHS_STANDARD_32_BIT)";
				CODE_SIGN_IDENTITY = "iPhone Developer: 小明 张 (L4ZF355VQS)";
				"CODE_SIGN_IDENTITY[sdk=iphoneos*]" = "iPhone Developer: 小明 张 (L4ZF355VQS)";
				GCC_C_LANGUAGE_STANDARD = c99;
				GCC_VERSION = "";
				GCC_WARN_ABOUT_RETURN_TYPE = YES;
				GCC_WARN_UNUSED_VARIABLE = YES;
				PROVISIONING_PROFILE = "0C43CFE2-55C4-429A-9A03-BFB76D31630B";
				"PROVISIONING_PROFILE[sdk=iphoneos*]" = "0C43CFE2-55C4-429A-9A03-BFB76D31630B";
				SDKROOT = iphoneos;
			};
			name = Debug;
		};
		C01FCF5008A954540054247B /* Release */ = {
			isa = XCBuildConfiguration;
			buildSettings = {
				ARCHS = "$(ARCHS_STANDARD_32_BIT)";
				CODE_SIGN_IDENTITY = "iPhone Developer: 小明 张 (L4ZF355VQS)";
				"CODE_SIGN_IDENTITY[sdk=iphoneos*]" = "iPhone Developer: 小明 张 (L4ZF355VQS)";
				GCC_C_LANGUAGE_STANDARD = c99;
				GCC_VERSION = "";
				GCC_WARN_ABOUT_RETURN_TYPE = YES;
				GCC_WARN_UNUSED_VARIABLE = YES;
				OTHER_CFLAGS = "-DNS_BLOCK_ASSERTIONS=1";
				PROVISIONING_PROFILE = "0C43CFE2-55C4-429A-9A03-BFB76D31630B";
				"PROVISIONING_PROFILE[sdk=iphoneos*]" = "DB6844BA-2943-44DB-B10A-3A3F0E8A52B8";
				SDKROOT = iphoneos;
			};
			name = Release;
		};
/* End XCBuildConfiguration section */

/* Begin XCConfigurationList section */
		1D6058960D05DD3E006BFB54 /* Build configuration list for PBXNativeTarget "TestCpp" */ = {
			isa = XCConfigurationList;
			buildConfigurations = (
				1D6058940D05DD3E006BFB54 /* Debug */,
				1D6058950D05DD3E006BFB54 /* Release */,
			);
			defaultConfigurationIsVisible = 0;
			defaultConfigurationName = Debug;
		};
		C01FCF4E08A954540054247B /* Build configuration list for PBXProject "TestCpp" */ = {
			isa = XCConfigurationList;
			buildConfigurations = (
				C01FCF4F08A954540054247B /* Debug */,
				C01FCF5008A954540054247B /* Release */,
			);
			defaultConfigurationIsVisible = 0;
			defaultConfigurationName = Debug;
		};
/* End XCConfigurationList section */
	};
	rootObject = 29B97313FDCFA39411CA2CEA /* Project object */;
}
