// !$*UTF8*$!
{
	archiveVersion = 1;
	classes = {
	};
	objectVersion = 46;
	objects = {

/* Begin PBXBuildFile section */
		92166B2A19594FBA00003EA3 /* Cocoa.framework in Frameworks */ = {isa = PBXBuildFile; fileRef = 92166B2919594FBA00003EA3 /* Cocoa.framework */; };
		92166B731959506600003EA3 /* CNSplitView.m in Sources */ = {isa = PBXBuildFile; fileRef = 92166B601959506600003EA3 /* CNSplitView.m */; };
		92166B741959506600003EA3 /* CNSplitViewDraggingHandle.m in Sources */ = {isa = PBXBuildFile; fileRef = 92166B631959506600003EA3 /* CNSplitViewDraggingHandle.m */; };
		92166B751959506600003EA3 /* CNSplitViewToolbar.m in Sources */ = {isa = PBXBuildFile; fileRef = 92166B651959506600003EA3 /* CNSplitViewToolbar.m */; };
		92166B761959506600003EA3 /* CNSplitViewToolbarButton.m in Sources */ = {isa = PBXBuildFile; fileRef = 92166B671959506600003EA3 /* CNSplitViewToolbarButton.m */; };
		92166B771959506600003EA3 /* CNSplitViewToolbarButtonCell.m in Sources */ = {isa = PBXBuildFile; fileRef = 92166B691959506600003EA3 /* CNSplitViewToolbarButtonCell.m */; };
		92166B781959506600003EA3 /* NSView+CNSplitViewToolbar.m in Sources */ = {isa = PBXBuildFile; fileRef = 92166B6C1959506600003EA3 /* NSView+CNSplitViewToolbar.m */; };
		92166B8D1959510600003EA3 /* libcocos2dx-better.a in Frameworks */ = {isa = PBXBuildFile; fileRef = 92166B8A195950C800003EA3 /* libcocos2dx-better.a */; };
		92166B901959512800003EA3 /* libz.dylib in Frameworks */ = {isa = PBXBuildFile; fileRef = 92166B8F1959512800003EA3 /* libz.dylib */; };
		92166B921959512C00003EA3 /* libsqlite3.dylib in Frameworks */ = {isa = PBXBuildFile; fileRef = 92166B911959512C00003EA3 /* libsqlite3.dylib */; };
		92166B941959513000003EA3 /* Foundation.framework in Frameworks */ = {isa = PBXBuildFile; fileRef = 92166B2E19594FBA00003EA3 /* Foundation.framework */; };
		92166B9F195953C200003EA3 /* CoreFoundation.framework in Frameworks */ = {isa = PBXBuildFile; fileRef = 92166B9E195953C200003EA3 /* CoreFoundation.framework */; };
		92166BA1195953CA00003EA3 /* AVFoundation.framework in Frameworks */ = {isa = PBXBuildFile; fileRef = 92166BA0195953CA00003EA3 /* AVFoundation.framework */; };
		92166BA3195953CF00003EA3 /* CoreAudio.framework in Frameworks */ = {isa = PBXBuildFile; fileRef = 92166BA2195953CE00003EA3 /* CoreAudio.framework */; };
		92166BA5195953D400003EA3 /* AudioToolbox.framework in Frameworks */ = {isa = PBXBuildFile; fileRef = 92166BA4195953D400003EA3 /* AudioToolbox.framework */; };
		92166BA7195953DA00003EA3 /* OpenAL.framework in Frameworks */ = {isa = PBXBuildFile; fileRef = 92166BA6195953DA00003EA3 /* OpenAL.framework */; };
		92166BA9195953E000003EA3 /* OpenGL.framework in Frameworks */ = {isa = PBXBuildFile; fileRef = 92166BA8195953E000003EA3 /* OpenGL.framework */; };
		92166BAB195953E500003EA3 /* QuartzCore.framework in Frameworks */ = {isa = PBXBuildFile; fileRef = 92166BAA195953E500003EA3 /* QuartzCore.framework */; };
		92166CE4195972B000003EA3 /* AppDelegate.cpp in Sources */ = {isa = PBXBuildFile; fileRef = 92166CDA195972B000003EA3 /* AppDelegate.cpp */; };
		92166CE5195972B000003EA3 /* DesignerGlobal.cpp in Sources */ = {isa = PBXBuildFile; fileRef = 92166CDC195972B000003EA3 /* DesignerGlobal.cpp */; };
		92166CE6195972B000003EA3 /* MyEAGLView.m in Sources */ = {isa = PBXBuildFile; fileRef = 92166CDF195972B000003EA3 /* MyEAGLView.m */; };
		92166CE7195972B000003EA3 /* PreviewScene.cpp in Sources */ = {isa = PBXBuildFile; fileRef = 92166CE0195972B000003EA3 /* PreviewScene.cpp */; };
		92166CE8195972B000003EA3 /* SDAppDelegate.m in Sources */ = {isa = PBXBuildFile; fileRef = 92166CE3195972B000003EA3 /* SDAppDelegate.m */; };
		92166CF3195972B900003EA3 /* InfoPlist.strings in Resources */ = {isa = PBXBuildFile; fileRef = 92166CED195972B900003EA3 /* InfoPlist.strings */; };
		92166CF4195972B900003EA3 /* Images.xcassets in Resources */ = {isa = PBXBuildFile; fileRef = 92166CEF195972B900003EA3 /* Images.xcassets */; };
		92166CF5195972B900003EA3 /* load.png in Resources */ = {isa = PBXBuildFile; fileRef = 92166CF0195972B900003EA3 /* load.png */; };
		92166CF6195972B900003EA3 /* save.png in Resources */ = {isa = PBXBuildFile; fileRef = 92166CF1195972B900003EA3 /* save.png */; };
		92166CFC195972EE00003EA3 /* main.m in Sources */ = {isa = PBXBuildFile; fileRef = 92166CF9195972EE00003EA3 /* main.m */; };
		92166CFD195972EE00003EA3 /* StoryDesigner-Info.plist in Resources */ = {isa = PBXBuildFile; fileRef = 92166CFA195972EE00003EA3 /* StoryDesigner-Info.plist */; };
		925C3CB6195BC7F20073D0E6 /* libPVRTexLib.a in Frameworks */ = {isa = PBXBuildFile; fileRef = 925C3CA9195BC7F10073D0E6 /* libPVRTexLib.a */; };
		925C3CBC195BC8800073D0E6 /* zip.cpp in Sources */ = {isa = PBXBuildFile; fileRef = 925C3CBA195BC8800073D0E6 /* zip.cpp */; };
		925C3CBF195BC8B10073D0E6 /* SDPlistParser.m in Sources */ = {isa = PBXBuildFile; fileRef = 925C3CBE195BC8B10073D0E6 /* SDPlistParser.m */; };
		925C3CC2195BCC530073D0E6 /* SDAtlasLoader.m in Sources */ = {isa = PBXBuildFile; fileRef = 925C3CC1195BCC530073D0E6 /* SDAtlasLoader.m */; };
		92BC6002195D359F00B479D4 /* SDOutlineView.m in Sources */ = {isa = PBXBuildFile; fileRef = 92BC6001195D359F00B479D4 /* SDOutlineView.m */; };
		92FD79781959DDDB0079F491 /* ACEView.framework in Frameworks */ = {isa = PBXBuildFile; fileRef = 92FD79771959DDDB0079F491 /* ACEView.framework */; };
		92FD797C1959DF400079F491 /* MainMenu.xib in Resources */ = {isa = PBXBuildFile; fileRef = 92166CEB195972B900003EA3 /* MainMenu.xib */; };
		92FD797E1959DFA20079F491 /* ACEView.framework in CopyFiles */ = {isa = PBXBuildFile; fileRef = 92FD79771959DDDB0079F491 /* ACEView.framework */; };
/* End PBXBuildFile section */

/* Begin PBXContainerItemProxy section */
		92166B89195950C800003EA3 /* PBXContainerItemProxy */ = {
			isa = PBXContainerItemProxy;
			containerPortal = 92166B82195950C700003EA3 /* cocos2dx-better.xcodeproj */;
			proxyType = 2;
			remoteGlobalIDString = 92B516E416E86020009F3536;
			remoteInfo = "cocos2dx-better";
		};
		92166B8B195950C800003EA3 /* PBXContainerItemProxy */ = {
			isa = PBXContainerItemProxy;
			containerPortal = 92166B82195950C700003EA3 /* cocos2dx-better.xcodeproj */;
			proxyType = 2;
			remoteGlobalIDString = 923EEB1318ED916400E698A3;
			remoteInfo = curl;
		};
		92166B991959517400003EA3 /* PBXContainerItemProxy */ = {
			isa = PBXContainerItemProxy;
			containerPortal = 92166B82195950C700003EA3 /* cocos2dx-better.xcodeproj */;
			proxyType = 1;
			remoteGlobalIDString = 92B516E316E86020009F3536;
			remoteInfo = "cocos2dx-better";
		};
/* End PBXContainerItemProxy section */

/* Begin PBXCopyFilesBuildPhase section */
		92FD797D1959DF9C0079F491 /* CopyFiles */ = {
			isa = PBXCopyFilesBuildPhase;
			buildActionMask = 2147483647;
			dstPath = "";
			dstSubfolderSpec = 10;
			files = (
				92FD797E1959DFA20079F491 /* ACEView.framework in CopyFiles */,
			);
			runOnlyForDeploymentPostprocessing = 0;
		};
/* End PBXCopyFilesBuildPhase section */

/* Begin PBXFileReference section */
		92166B2619594FBA00003EA3 /* StoryDesigner.app */ = {isa = PBXFileReference; explicitFileType = wrapper.application; includeInIndex = 0; path = StoryDesigner.app; sourceTree = BUILT_PRODUCTS_DIR; };
		92166B2919594FBA00003EA3 /* Cocoa.framework */ = {isa = PBXFileReference; lastKnownFileType = wrapper.framework; name = Cocoa.framework; path = System/Library/Frameworks/Cocoa.framework; sourceTree = SDKROOT; };
		92166B2C19594FBA00003EA3 /* AppKit.framework */ = {isa = PBXFileReference; lastKnownFileType = wrapper.framework; name = AppKit.framework; path = System/Library/Frameworks/AppKit.framework; sourceTree = SDKROOT; };
		92166B2E19594FBA00003EA3 /* Foundation.framework */ = {isa = PBXFileReference; lastKnownFileType = wrapper.framework; name = Foundation.framework; path = System/Library/Frameworks/Foundation.framework; sourceTree = SDKROOT; };
		92166B5F1959506600003EA3 /* CNSplitView.h */ = {isa = PBXFileReference; fileEncoding = 4; lastKnownFileType = sourcecode.c.h; path = CNSplitView.h; sourceTree = "<group>"; };
		92166B601959506600003EA3 /* CNSplitView.m */ = {isa = PBXFileReference; fileEncoding = 4; lastKnownFileType = sourcecode.c.objc; path = CNSplitView.m; sourceTree = "<group>"; };
		92166B611959506600003EA3 /* CNSplitViewDefinitions.h */ = {isa = PBXFileReference; fileEncoding = 4; lastKnownFileType = sourcecode.c.h; path = CNSplitViewDefinitions.h; sourceTree = "<group>"; };
		92166B621959506600003EA3 /* CNSplitViewDraggingHandle.h */ = {isa = PBXFileReference; fileEncoding = 4; lastKnownFileType = sourcecode.c.h; path = CNSplitViewDraggingHandle.h; sourceTree = "<group>"; };
		92166B631959506600003EA3 /* CNSplitViewDraggingHandle.m */ = {isa = PBXFileReference; fileEncoding = 4; lastKnownFileType = sourcecode.c.objc; path = CNSplitViewDraggingHandle.m; sourceTree = "<group>"; };
		92166B641959506600003EA3 /* CNSplitViewToolbar.h */ = {isa = PBXFileReference; fileEncoding = 4; lastKnownFileType = sourcecode.c.h; path = CNSplitViewToolbar.h; sourceTree = "<group>"; };
		92166B651959506600003EA3 /* CNSplitViewToolbar.m */ = {isa = PBXFileReference; fileEncoding = 4; lastKnownFileType = sourcecode.c.objc; path = CNSplitViewToolbar.m; sourceTree = "<group>"; };
		92166B661959506600003EA3 /* CNSplitViewToolbarButton.h */ = {isa = PBXFileReference; fileEncoding = 4; lastKnownFileType = sourcecode.c.h; path = CNSplitViewToolbarButton.h; sourceTree = "<group>"; };
		92166B671959506600003EA3 /* CNSplitViewToolbarButton.m */ = {isa = PBXFileReference; fileEncoding = 4; lastKnownFileType = sourcecode.c.objc; path = CNSplitViewToolbarButton.m; sourceTree = "<group>"; };
		92166B681959506600003EA3 /* CNSplitViewToolbarButtonCell.h */ = {isa = PBXFileReference; fileEncoding = 4; lastKnownFileType = sourcecode.c.h; path = CNSplitViewToolbarButtonCell.h; sourceTree = "<group>"; };
		92166B691959506600003EA3 /* CNSplitViewToolbarButtonCell.m */ = {isa = PBXFileReference; fileEncoding = 4; lastKnownFileType = sourcecode.c.objc; path = CNSplitViewToolbarButtonCell.m; sourceTree = "<group>"; };
		92166B6A1959506600003EA3 /* CNSplitViewToolbarDelegate.h */ = {isa = PBXFileReference; fileEncoding = 4; lastKnownFileType = sourcecode.c.h; path = CNSplitViewToolbarDelegate.h; sourceTree = "<group>"; };
		92166B6B1959506600003EA3 /* NSView+CNSplitViewToolbar.h */ = {isa = PBXFileReference; fileEncoding = 4; lastKnownFileType = sourcecode.c.h; path = "NSView+CNSplitViewToolbar.h"; sourceTree = "<group>"; };
		92166B6C1959506600003EA3 /* NSView+CNSplitViewToolbar.m */ = {isa = PBXFileReference; fileEncoding = 4; lastKnownFileType = sourcecode.c.objc; path = "NSView+CNSplitViewToolbar.m"; sourceTree = "<group>"; };
		92166B82195950C700003EA3 /* cocos2dx-better.xcodeproj */ = {isa = PBXFileReference; lastKnownFileType = "wrapper.pb-project"; name = "cocos2dx-better.xcodeproj"; path = "../../../proj.mac/cocos2dx-better.xcodeproj"; sourceTree = "<group>"; };
		92166B8F1959512800003EA3 /* libz.dylib */ = {isa = PBXFileReference; lastKnownFileType = "compiled.mach-o.dylib"; name = libz.dylib; path = usr/lib/libz.dylib; sourceTree = SDKROOT; };
		92166B911959512C00003EA3 /* libsqlite3.dylib */ = {isa = PBXFileReference; lastKnownFileType = "compiled.mach-o.dylib"; name = libsqlite3.dylib; path = usr/lib/libsqlite3.dylib; sourceTree = SDKROOT; };
		92166B9E195953C200003EA3 /* CoreFoundation.framework */ = {isa = PBXFileReference; lastKnownFileType = wrapper.framework; name = CoreFoundation.framework; path = System/Library/Frameworks/CoreFoundation.framework; sourceTree = SDKROOT; };
		92166BA0195953CA00003EA3 /* AVFoundation.framework */ = {isa = PBXFileReference; lastKnownFileType = wrapper.framework; name = AVFoundation.framework; path = System/Library/Frameworks/AVFoundation.framework; sourceTree = SDKROOT; };
		92166BA2195953CE00003EA3 /* CoreAudio.framework */ = {isa = PBXFileReference; lastKnownFileType = wrapper.framework; name = CoreAudio.framework; path = System/Library/Frameworks/CoreAudio.framework; sourceTree = SDKROOT; };
		92166BA4195953D400003EA3 /* AudioToolbox.framework */ = {isa = PBXFileReference; lastKnownFileType = wrapper.framework; name = AudioToolbox.framework; path = System/Library/Frameworks/AudioToolbox.framework; sourceTree = SDKROOT; };
		92166BA6195953DA00003EA3 /* OpenAL.framework */ = {isa = PBXFileReference; lastKnownFileType = wrapper.framework; name = OpenAL.framework; path = System/Library/Frameworks/OpenAL.framework; sourceTree = SDKROOT; };
		92166BA8195953E000003EA3 /* OpenGL.framework */ = {isa = PBXFileReference; lastKnownFileType = wrapper.framework; name = OpenGL.framework; path = System/Library/Frameworks/OpenGL.framework; sourceTree = SDKROOT; };
		92166BAA195953E500003EA3 /* QuartzCore.framework */ = {isa = PBXFileReference; lastKnownFileType = wrapper.framework; name = QuartzCore.framework; path = System/Library/Frameworks/QuartzCore.framework; sourceTree = SDKROOT; };
		92166CDA195972B000003EA3 /* AppDelegate.cpp */ = {isa = PBXFileReference; fileEncoding = 4; lastKnownFileType = sourcecode.cpp.cpp; path = AppDelegate.cpp; sourceTree = "<group>"; };
		92166CDB195972B000003EA3 /* AppDelegate.h */ = {isa = PBXFileReference; fileEncoding = 4; lastKnownFileType = sourcecode.c.h; path = AppDelegate.h; sourceTree = "<group>"; };
		92166CDC195972B000003EA3 /* DesignerGlobal.cpp */ = {isa = PBXFileReference; fileEncoding = 4; lastKnownFileType = sourcecode.cpp.cpp; path = DesignerGlobal.cpp; sourceTree = "<group>"; };
		92166CDD195972B000003EA3 /* DesignerGlobal.h */ = {isa = PBXFileReference; fileEncoding = 4; lastKnownFileType = sourcecode.c.h; path = DesignerGlobal.h; sourceTree = "<group>"; };
		92166CDE195972B000003EA3 /* MyEAGLView.h */ = {isa = PBXFileReference; fileEncoding = 4; lastKnownFileType = sourcecode.c.h; path = MyEAGLView.h; sourceTree = "<group>"; };
		92166CDF195972B000003EA3 /* MyEAGLView.m */ = {isa = PBXFileReference; fileEncoding = 4; lastKnownFileType = sourcecode.c.objc; path = MyEAGLView.m; sourceTree = "<group>"; };
		92166CE0195972B000003EA3 /* PreviewScene.cpp */ = {isa = PBXFileReference; fileEncoding = 4; lastKnownFileType = sourcecode.cpp.cpp; path = PreviewScene.cpp; sourceTree = "<group>"; };
		92166CE1195972B000003EA3 /* PreviewScene.h */ = {isa = PBXFileReference; fileEncoding = 4; lastKnownFileType = sourcecode.c.h; path = PreviewScene.h; sourceTree = "<group>"; };
		92166CE2195972B000003EA3 /* SDAppDelegate.h */ = {isa = PBXFileReference; fileEncoding = 4; lastKnownFileType = sourcecode.c.h; path = SDAppDelegate.h; sourceTree = "<group>"; };
		92166CE3195972B000003EA3 /* SDAppDelegate.m */ = {isa = PBXFileReference; fileEncoding = 4; lastKnownFileType = sourcecode.c.objc; path = SDAppDelegate.m; sourceTree = "<group>"; };
		92166CEC195972B900003EA3 /* Base */ = {isa = PBXFileReference; lastKnownFileType = file.xib; name = Base; path = Base.lproj/MainMenu.xib; sourceTree = "<group>"; };
		92166CEE195972B900003EA3 /* en */ = {isa = PBXFileReference; lastKnownFileType = text.plist.strings; name = en; path = en.lproj/InfoPlist.strings; sourceTree = "<group>"; };
		92166CEF195972B900003EA3 /* Images.xcassets */ = {isa = PBXFileReference; lastKnownFileType = folder.assetcatalog; path = Images.xcassets; sourceTree = "<group>"; };
		92166CF0195972B900003EA3 /* load.png */ = {isa = PBXFileReference; lastKnownFileType = image.png; path = load.png; sourceTree = "<group>"; };
		92166CF1195972B900003EA3 /* save.png */ = {isa = PBXFileReference; lastKnownFileType = image.png; path = save.png; sourceTree = "<group>"; };
		92166CF9195972EE00003EA3 /* main.m */ = {isa = PBXFileReference; fileEncoding = 4; lastKnownFileType = sourcecode.c.objc; path = main.m; sourceTree = SOURCE_ROOT; };
		92166CFA195972EE00003EA3 /* StoryDesigner-Info.plist */ = {isa = PBXFileReference; fileEncoding = 4; lastKnownFileType = text.plist.xml; path = "StoryDesigner-Info.plist"; sourceTree = SOURCE_ROOT; };
		92166CFB195972EE00003EA3 /* StoryDesigner-Prefix.pch */ = {isa = PBXFileReference; fileEncoding = 4; lastKnownFileType = sourcecode.c.h; path = "StoryDesigner-Prefix.pch"; sourceTree = SOURCE_ROOT; };
		925C3CA9195BC7F10073D0E6 /* libPVRTexLib.a */ = {isa = PBXFileReference; lastKnownFileType = archive.ar; path = libPVRTexLib.a; sourceTree = "<group>"; };
		925C3CAA195BC7F10073D0E6 /* PVRTArray.h */ = {isa = PBXFileReference; fileEncoding = 4; lastKnownFileType = sourcecode.c.h; path = PVRTArray.h; sourceTree = "<group>"; };
		925C3CAB195BC7F10073D0E6 /* PVRTError.h */ = {isa = PBXFileReference; fileEncoding = 4; lastKnownFileType = sourcecode.c.h; path = PVRTError.h; sourceTree = "<group>"; };
		925C3CAC195BC7F10073D0E6 /* PVRTexLibVersion.h */ = {isa = PBXFileReference; fileEncoding = 4; lastKnownFileType = sourcecode.c.h; path = PVRTexLibVersion.h; sourceTree = "<group>"; };
		925C3CAD195BC7F10073D0E6 /* PVRTexture.h */ = {isa = PBXFileReference; fileEncoding = 4; lastKnownFileType = sourcecode.c.h; path = PVRTexture.h; sourceTree = "<group>"; };
		925C3CAE195BC7F10073D0E6 /* PVRTextureDefines.h */ = {isa = PBXFileReference; fileEncoding = 4; lastKnownFileType = sourcecode.c.h; path = PVRTextureDefines.h; sourceTree = "<group>"; };
		925C3CAF195BC7F10073D0E6 /* PVRTextureFormat.h */ = {isa = PBXFileReference; fileEncoding = 4; lastKnownFileType = sourcecode.c.h; path = PVRTextureFormat.h; sourceTree = "<group>"; };
		925C3CB0195BC7F20073D0E6 /* PVRTextureHeader.h */ = {isa = PBXFileReference; fileEncoding = 4; lastKnownFileType = sourcecode.c.h; path = PVRTextureHeader.h; sourceTree = "<group>"; };
		925C3CB1195BC7F20073D0E6 /* PVRTextureUtilities.h */ = {isa = PBXFileReference; fileEncoding = 4; lastKnownFileType = sourcecode.c.h; path = PVRTextureUtilities.h; sourceTree = "<group>"; };
		925C3CB2195BC7F20073D0E6 /* PVRTGlobal.h */ = {isa = PBXFileReference; fileEncoding = 4; lastKnownFileType = sourcecode.c.h; path = PVRTGlobal.h; sourceTree = "<group>"; };
		925C3CB3195BC7F20073D0E6 /* PVRTMap.h */ = {isa = PBXFileReference; fileEncoding = 4; lastKnownFileType = sourcecode.c.h; path = PVRTMap.h; sourceTree = "<group>"; };
		925C3CB4195BC7F20073D0E6 /* PVRTString.h */ = {isa = PBXFileReference; fileEncoding = 4; lastKnownFileType = sourcecode.c.h; path = PVRTString.h; sourceTree = "<group>"; };
		925C3CB5195BC7F20073D0E6 /* PVRTTexture.h */ = {isa = PBXFileReference; fileEncoding = 4; lastKnownFileType = sourcecode.c.h; path = PVRTTexture.h; sourceTree = "<group>"; };
		925C3CB9195BC8800073D0E6 /* common.h */ = {isa = PBXFileReference; fileEncoding = 4; lastKnownFileType = sourcecode.c.h; path = common.h; sourceTree = "<group>"; };
		925C3CBA195BC8800073D0E6 /* zip.cpp */ = {isa = PBXFileReference; fileEncoding = 4; lastKnownFileType = sourcecode.cpp.cpp; path = zip.cpp; sourceTree = "<group>"; };
		925C3CBB195BC8800073D0E6 /* zip.h */ = {isa = PBXFileReference; fileEncoding = 4; lastKnownFileType = sourcecode.c.h; path = zip.h; sourceTree = "<group>"; };
		925C3CBD195BC8B10073D0E6 /* SDPlistParser.h */ = {isa = PBXFileReference; fileEncoding = 4; lastKnownFileType = sourcecode.c.h; path = SDPlistParser.h; sourceTree = "<group>"; };
		925C3CBE195BC8B10073D0E6 /* SDPlistParser.m */ = {isa = PBXFileReference; fileEncoding = 4; lastKnownFileType = sourcecode.c.objc; path = SDPlistParser.m; sourceTree = "<group>"; };
		925C3CC0195BCC530073D0E6 /* SDAtlasLoader.h */ = {isa = PBXFileReference; fileEncoding = 4; lastKnownFileType = sourcecode.c.h; path = SDAtlasLoader.h; sourceTree = "<group>"; };
		925C3CC1195BCC530073D0E6 /* SDAtlasLoader.m */ = {isa = PBXFileReference; fileEncoding = 4; lastKnownFileType = sourcecode.c.objc; path = SDAtlasLoader.m; sourceTree = "<group>"; };
		926131D9195ABE89004070C9 /* test.lua */ = {isa = PBXFileReference; fileEncoding = 4; lastKnownFileType = text; path = test.lua; sourceTree = "<group>"; };
		92BC6000195D359F00B479D4 /* SDOutlineView.h */ = {isa = PBXFileReference; fileEncoding = 4; lastKnownFileType = sourcecode.c.h; path = SDOutlineView.h; sourceTree = "<group>"; };
		92BC6001195D359F00B479D4 /* SDOutlineView.m */ = {isa = PBXFileReference; fileEncoding = 4; lastKnownFileType = sourcecode.c.objc; path = SDOutlineView.m; sourceTree = "<group>"; };
		92FD79771959DDDB0079F491 /* ACEView.framework */ = {isa = PBXFileReference; lastKnownFileType = wrapper.framework; path = ACEView.framework; sourceTree = "<group>"; };
/* End PBXFileReference section */

/* Begin PBXFrameworksBuildPhase section */
		92166B2319594FBA00003EA3 /* Frameworks */ = {
			isa = PBXFrameworksBuildPhase;
			buildActionMask = 2147483647;
			files = (
				925C3CB6195BC7F20073D0E6 /* libPVRTexLib.a in Frameworks */,
				92166BAB195953E500003EA3 /* QuartzCore.framework in Frameworks */,
				92166BA9195953E000003EA3 /* OpenGL.framework in Frameworks */,
				92166BA7195953DA00003EA3 /* OpenAL.framework in Frameworks */,
				92166BA5195953D400003EA3 /* AudioToolbox.framework in Frameworks */,
				92166BA3195953CF00003EA3 /* CoreAudio.framework in Frameworks */,
				92166BA1195953CA00003EA3 /* AVFoundation.framework in Frameworks */,
				92166B9F195953C200003EA3 /* CoreFoundation.framework in Frameworks */,
				92166B921959512C00003EA3 /* libsqlite3.dylib in Frameworks */,
				92166B901959512800003EA3 /* libz.dylib in Frameworks */,
				92166B8D1959510600003EA3 /* libcocos2dx-better.a in Frameworks */,
				92166B941959513000003EA3 /* Foundation.framework in Frameworks */,
				92FD79781959DDDB0079F491 /* ACEView.framework in Frameworks */,
				92166B2A19594FBA00003EA3 /* Cocoa.framework in Frameworks */,
			);
			runOnlyForDeploymentPostprocessing = 0;
		};
/* End PBXFrameworksBuildPhase section */

/* Begin PBXGroup section */
		92166B1D19594FBA00003EA3 = {
			isa = PBXGroup;
			children = (
				92166B5E1959506600003EA3 /* CNSplitView */,
				925C3CA7195BC7F10073D0E6 /* pvr */,
				925C3CB8195BC8800073D0E6 /* zip */,
				92166CD9195972B000003EA3 /* Classes */,
				92166B3019594FBA00003EA3 /* Supporting Files */,
				92166CE9195972B900003EA3 /* Resources */,
				926131D8195ABE6D004070C9 /* test */,
				92166B2819594FBA00003EA3 /* Frameworks */,
				92166B2719594FBA00003EA3 /* Products */,
			);
			sourceTree = "<group>";
		};
		92166B2719594FBA00003EA3 /* Products */ = {
			isa = PBXGroup;
			children = (
				92166B2619594FBA00003EA3 /* StoryDesigner.app */,
			);
			name = Products;
			sourceTree = "<group>";
		};
		92166B2819594FBA00003EA3 /* Frameworks */ = {
			isa = PBXGroup;
			children = (
				92166B82195950C700003EA3 /* cocos2dx-better.xcodeproj */,
				92FD79771959DDDB0079F491 /* ACEView.framework */,
				92166BAA195953E500003EA3 /* QuartzCore.framework */,
				92166BA8195953E000003EA3 /* OpenGL.framework */,
				92166BA6195953DA00003EA3 /* OpenAL.framework */,
				92166BA4195953D400003EA3 /* AudioToolbox.framework */,
				92166BA2195953CE00003EA3 /* CoreAudio.framework */,
				92166BA0195953CA00003EA3 /* AVFoundation.framework */,
				92166B9E195953C200003EA3 /* CoreFoundation.framework */,
				92166B2C19594FBA00003EA3 /* AppKit.framework */,
				92166B2E19594FBA00003EA3 /* Foundation.framework */,
				92166B2919594FBA00003EA3 /* Cocoa.framework */,
				92166B911959512C00003EA3 /* libsqlite3.dylib */,
				92166B8F1959512800003EA3 /* libz.dylib */,
			);
			name = Frameworks;
			sourceTree = "<group>";
		};
		92166B3019594FBA00003EA3 /* Supporting Files */ = {
			isa = PBXGroup;
			children = (
				92166CF9195972EE00003EA3 /* main.m */,
				92166CFA195972EE00003EA3 /* StoryDesigner-Info.plist */,
				92166CFB195972EE00003EA3 /* StoryDesigner-Prefix.pch */,
			);
			name = "Supporting Files";
			path = ScreenplayDesigner;
			sourceTree = "<group>";
		};
		92166B5E1959506600003EA3 /* CNSplitView */ = {
			isa = PBXGroup;
			children = (
				92166B5F1959506600003EA3 /* CNSplitView.h */,
				92166B601959506600003EA3 /* CNSplitView.m */,
				92166B611959506600003EA3 /* CNSplitViewDefinitions.h */,
				92166B621959506600003EA3 /* CNSplitViewDraggingHandle.h */,
				92166B631959506600003EA3 /* CNSplitViewDraggingHandle.m */,
				92166B641959506600003EA3 /* CNSplitViewToolbar.h */,
				92166B651959506600003EA3 /* CNSplitViewToolbar.m */,
				92166B661959506600003EA3 /* CNSplitViewToolbarButton.h */,
				92166B671959506600003EA3 /* CNSplitViewToolbarButton.m */,
				92166B681959506600003EA3 /* CNSplitViewToolbarButtonCell.h */,
				92166B691959506600003EA3 /* CNSplitViewToolbarButtonCell.m */,
				92166B6A1959506600003EA3 /* CNSplitViewToolbarDelegate.h */,
				92166B6B1959506600003EA3 /* NSView+CNSplitViewToolbar.h */,
				92166B6C1959506600003EA3 /* NSView+CNSplitViewToolbar.m */,
			);
			path = CNSplitView;
			sourceTree = "<group>";
		};
		92166B83195950C700003EA3 /* Products */ = {
			isa = PBXGroup;
			children = (
				92166B8A195950C800003EA3 /* libcocos2dx-better.a */,
				92166B8C195950C800003EA3 /* libcurl.a */,
			);
			name = Products;
			sourceTree = "<group>";
		};
		92166CD9195972B000003EA3 /* Classes */ = {
			isa = PBXGroup;
			children = (
				92166CE2195972B000003EA3 /* SDAppDelegate.h */,
				92166CE3195972B000003EA3 /* SDAppDelegate.m */,
				92166CDA195972B000003EA3 /* AppDelegate.cpp */,
				92166CDB195972B000003EA3 /* AppDelegate.h */,
				92166CDC195972B000003EA3 /* DesignerGlobal.cpp */,
				92166CDD195972B000003EA3 /* DesignerGlobal.h */,
				92166CDE195972B000003EA3 /* MyEAGLView.h */,
				92166CDF195972B000003EA3 /* MyEAGLView.m */,
				92166CE0195972B000003EA3 /* PreviewScene.cpp */,
				92166CE1195972B000003EA3 /* PreviewScene.h */,
				925C3CBD195BC8B10073D0E6 /* SDPlistParser.h */,
				925C3CBE195BC8B10073D0E6 /* SDPlistParser.m */,
				925C3CC0195BCC530073D0E6 /* SDAtlasLoader.h */,
				925C3CC1195BCC530073D0E6 /* SDAtlasLoader.m */,
				92BC6000195D359F00B479D4 /* SDOutlineView.h */,
				92BC6001195D359F00B479D4 /* SDOutlineView.m */,
			);
			path = Classes;
			sourceTree = "<group>";
		};
		92166CE9195972B900003EA3 /* Resources */ = {
			isa = PBXGroup;
			children = (
				92166CEB195972B900003EA3 /* MainMenu.xib */,
				92166CED195972B900003EA3 /* InfoPlist.strings */,
				92166CEF195972B900003EA3 /* Images.xcassets */,
				92166CF0195972B900003EA3 /* load.png */,
				92166CF1195972B900003EA3 /* save.png */,
			);
			path = Resources;
			sourceTree = "<group>";
		};
		925C3CA7195BC7F10073D0E6 /* pvr */ = {
			isa = PBXGroup;
			children = (
				925C3CA8195BC7F10073D0E6 /* MacOS_x86 */,
				925C3CAA195BC7F10073D0E6 /* PVRTArray.h */,
				925C3CAB195BC7F10073D0E6 /* PVRTError.h */,
				925C3CAC195BC7F10073D0E6 /* PVRTexLibVersion.h */,
				925C3CAD195BC7F10073D0E6 /* PVRTexture.h */,
				925C3CAE195BC7F10073D0E6 /* PVRTextureDefines.h */,
				925C3CAF195BC7F10073D0E6 /* PVRTextureFormat.h */,
				925C3CB0195BC7F20073D0E6 /* PVRTextureHeader.h */,
				925C3CB1195BC7F20073D0E6 /* PVRTextureUtilities.h */,
				925C3CB2195BC7F20073D0E6 /* PVRTGlobal.h */,
				925C3CB3195BC7F20073D0E6 /* PVRTMap.h */,
				925C3CB4195BC7F20073D0E6 /* PVRTString.h */,
				925C3CB5195BC7F20073D0E6 /* PVRTTexture.h */,
			);
			path = pvr;
			sourceTree = "<group>";
		};
		925C3CA8195BC7F10073D0E6 /* MacOS_x86 */ = {
			isa = PBXGroup;
			children = (
				925C3CA9195BC7F10073D0E6 /* libPVRTexLib.a */,
			);
			path = MacOS_x86;
			sourceTree = "<group>";
		};
		925C3CB8195BC8800073D0E6 /* zip */ = {
			isa = PBXGroup;
			children = (
				925C3CB9195BC8800073D0E6 /* common.h */,
				925C3CBA195BC8800073D0E6 /* zip.cpp */,
				925C3CBB195BC8800073D0E6 /* zip.h */,
			);
			path = zip;
			sourceTree = "<group>";
		};
		926131D8195ABE6D004070C9 /* test */ = {
			isa = PBXGroup;
			children = (
				926131D9195ABE89004070C9 /* test.lua */,
			);
			path = test;
			sourceTree = "<group>";
		};
/* End PBXGroup section */

/* Begin PBXNativeTarget section */
		92166B2519594FBA00003EA3 /* StoryDesigner */ = {
			isa = PBXNativeTarget;
			buildConfigurationList = 92166B5719594FBA00003EA3 /* Build configuration list for PBXNativeTarget "StoryDesigner" */;
			buildPhases = (
				92166B2219594FBA00003EA3 /* Sources */,
				92166B2319594FBA00003EA3 /* Frameworks */,
				92166B2419594FBA00003EA3 /* Resources */,
				92FD797D1959DF9C0079F491 /* CopyFiles */,
			);
			buildRules = (
			);
			dependencies = (
				92166B9A1959517400003EA3 /* PBXTargetDependency */,
			);
			name = StoryDesigner;
			productName = ScreenplayDesigner;
			productReference = 92166B2619594FBA00003EA3 /* StoryDesigner.app */;
			productType = "com.apple.product-type.application";
		};
/* End PBXNativeTarget section */

/* Begin PBXProject section */
		92166B1E19594FBA00003EA3 /* Project object */ = {
			isa = PBXProject;
			attributes = {
				CLASSPREFIX = SD;
				LastUpgradeCheck = 0510;
				ORGANIZATIONNAME = luma;
			};
			buildConfigurationList = 92166B2119594FBA00003EA3 /* Build configuration list for PBXProject "StoryDesigner" */;
			compatibilityVersion = "Xcode 3.2";
			developmentRegion = English;
			hasScannedForEncodings = 0;
			knownRegions = (
				en,
				Base,
			);
			mainGroup = 92166B1D19594FBA00003EA3;
			productRefGroup = 92166B2719594FBA00003EA3 /* Products */;
			projectDirPath = "";
			projectReferences = (
				{
					ProductGroup = 92166B83195950C700003EA3 /* Products */;
					ProjectRef = 92166B82195950C700003EA3 /* cocos2dx-better.xcodeproj */;
				},
			);
			projectRoot = "";
			targets = (
				92166B2519594FBA00003EA3 /* StoryDesigner */,
			);
		};
/* End PBXProject section */

/* Begin PBXReferenceProxy section */
		92166B8A195950C800003EA3 /* libcocos2dx-better.a */ = {
			isa = PBXReferenceProxy;
			fileType = archive.ar;
			path = "libcocos2dx-better.a";
			remoteRef = 92166B89195950C800003EA3 /* PBXContainerItemProxy */;
			sourceTree = BUILT_PRODUCTS_DIR;
		};
		92166B8C195950C800003EA3 /* libcurl.a */ = {
			isa = PBXReferenceProxy;
			fileType = archive.ar;
			path = libcurl.a;
			remoteRef = 92166B8B195950C800003EA3 /* PBXContainerItemProxy */;
			sourceTree = BUILT_PRODUCTS_DIR;
		};
/* End PBXReferenceProxy section */

/* Begin PBXResourcesBuildPhase section */
		92166B2419594FBA00003EA3 /* Resources */ = {
			isa = PBXResourcesBuildPhase;
			buildActionMask = 2147483647;
			files = (
				92166CF4195972B900003EA3 /* Images.xcassets in Resources */,
				92166CF6195972B900003EA3 /* save.png in Resources */,
				92FD797C1959DF400079F491 /* MainMenu.xib in Resources */,
				92166CF3195972B900003EA3 /* InfoPlist.strings in Resources */,
				92166CF5195972B900003EA3 /* load.png in Resources */,
				92166CFD195972EE00003EA3 /* StoryDesigner-Info.plist in Resources */,
			);
			runOnlyForDeploymentPostprocessing = 0;
		};
/* End PBXResourcesBuildPhase section */

/* Begin PBXSourcesBuildPhase section */
		92166B2219594FBA00003EA3 /* Sources */ = {
			isa = PBXSourcesBuildPhase;
			buildActionMask = 2147483647;
			files = (
				92166CE7195972B000003EA3 /* PreviewScene.cpp in Sources */,
				925C3CC2195BCC530073D0E6 /* SDAtlasLoader.m in Sources */,
				92166CE4195972B000003EA3 /* AppDelegate.cpp in Sources */,
				92166B781959506600003EA3 /* NSView+CNSplitViewToolbar.m in Sources */,
				92166B771959506600003EA3 /* CNSplitViewToolbarButtonCell.m in Sources */,
				925C3CBF195BC8B10073D0E6 /* SDPlistParser.m in Sources */,
				92166CE8195972B000003EA3 /* SDAppDelegate.m in Sources */,
				92166B741959506600003EA3 /* CNSplitViewDraggingHandle.m in Sources */,
				925C3CBC195BC8800073D0E6 /* zip.cpp in Sources */,
				92166CFC195972EE00003EA3 /* main.m in Sources */,
				92166B731959506600003EA3 /* CNSplitView.m in Sources */,
				92166CE6195972B000003EA3 /* MyEAGLView.m in Sources */,
				92BC6002195D359F00B479D4 /* SDOutlineView.m in Sources */,
				92166B761959506600003EA3 /* CNSplitViewToolbarButton.m in Sources */,
				92166B751959506600003EA3 /* CNSplitViewToolbar.m in Sources */,
				92166CE5195972B000003EA3 /* DesignerGlobal.cpp in Sources */,
			);
			runOnlyForDeploymentPostprocessing = 0;
		};
/* End PBXSourcesBuildPhase section */

/* Begin PBXTargetDependency section */
		92166B9A1959517400003EA3 /* PBXTargetDependency */ = {
			isa = PBXTargetDependency;
			name = "cocos2dx-better";
			targetProxy = 92166B991959517400003EA3 /* PBXContainerItemProxy */;
		};
/* End PBXTargetDependency section */

/* Begin PBXVariantGroup section */
		92166CEB195972B900003EA3 /* MainMenu.xib */ = {
			isa = PBXVariantGroup;
			children = (
				92166CEC195972B900003EA3 /* Base */,
			);
			name = MainMenu.xib;
			sourceTree = "<group>";
		};
		92166CED195972B900003EA3 /* InfoPlist.strings */ = {
			isa = PBXVariantGroup;
			children = (
				92166CEE195972B900003EA3 /* en */,
			);
			name = InfoPlist.strings;
			sourceTree = "<group>";
		};
/* End PBXVariantGroup section */

/* Begin XCBuildConfiguration section */
		92166B5519594FBA00003EA3 /* Debug */ = {
			isa = XCBuildConfiguration;
			buildSettings = {
				ALWAYS_SEARCH_USER_PATHS = NO;
				ARCHS = "$(ARCHS_STANDARD)";
				CLANG_CXX_LANGUAGE_STANDARD = "compiler-default";
				CLANG_CXX_LIBRARY = "compiler-default";
				CLANG_ENABLE_MODULES = YES;
				CLANG_ENABLE_OBJC_ARC = YES;
				CLANG_WARN_BOOL_CONVERSION = YES;
				CLANG_WARN_CONSTANT_CONVERSION = YES;
				CLANG_WARN_DIRECT_OBJC_ISA_USAGE = YES_ERROR;
				CLANG_WARN_EMPTY_BODY = YES;
				CLANG_WARN_ENUM_CONVERSION = YES;
				CLANG_WARN_INT_CONVERSION = YES;
				CLANG_WARN_OBJC_ROOT_CLASS = YES_ERROR;
				CLANG_WARN__DUPLICATE_METHOD_MATCH = YES;
				COPY_PHASE_STRIP = NO;
				GCC_C_LANGUAGE_STANDARD = gnu99;
				GCC_DYNAMIC_NO_PIC = NO;
				GCC_ENABLE_OBJC_EXCEPTIONS = YES;
				GCC_OPTIMIZATION_LEVEL = 0;
				GCC_PREPROCESSOR_DEFINITIONS = (
					CC_TARGET_OS_MAC,
					CC_STORY_DESIGNER,
				);
				GCC_SYMBOLS_PRIVATE_EXTERN = NO;
				GCC_WARN_64_TO_32_BIT_CONVERSION = YES;
				GCC_WARN_ABOUT_RETURN_TYPE = YES_ERROR;
				GCC_WARN_UNDECLARED_SELECTOR = YES;
				GCC_WARN_UNINITIALIZED_AUTOS = YES_AGGRESSIVE;
				GCC_WARN_UNUSED_FUNCTION = YES;
				GCC_WARN_UNUSED_VARIABLE = YES;
				MACOSX_DEPLOYMENT_TARGET = 10.9;
				SDKROOT = macosx;
			};
			name = Debug;
		};
		92166B5619594FBA00003EA3 /* Release */ = {
			isa = XCBuildConfiguration;
			buildSettings = {
				ALWAYS_SEARCH_USER_PATHS = NO;
				ARCHS = "$(ARCHS_STANDARD)";
				CLANG_CXX_LANGUAGE_STANDARD = "compiler-default";
				CLANG_CXX_LIBRARY = "compiler-default";
				CLANG_ENABLE_MODULES = YES;
				CLANG_ENABLE_OBJC_ARC = YES;
				CLANG_WARN_BOOL_CONVERSION = YES;
				CLANG_WARN_CONSTANT_CONVERSION = YES;
				CLANG_WARN_DIRECT_OBJC_ISA_USAGE = YES_ERROR;
				CLANG_WARN_EMPTY_BODY = YES;
				CLANG_WARN_ENUM_CONVERSION = YES;
				CLANG_WARN_INT_CONVERSION = YES;
				CLANG_WARN_OBJC_ROOT_CLASS = YES_ERROR;
				CLANG_WARN__DUPLICATE_METHOD_MATCH = YES;
				COPY_PHASE_STRIP = YES;
				DEBUG_INFORMATION_FORMAT = "dwarf-with-dsym";
				ENABLE_NS_ASSERTIONS = NO;
				GCC_C_LANGUAGE_STANDARD = gnu99;
				GCC_ENABLE_OBJC_EXCEPTIONS = YES;
				GCC_PREPROCESSOR_DEFINITIONS = (
					CC_TARGET_OS_MAC,
					CC_STORY_DESIGNER,
				);
				GCC_WARN_64_TO_32_BIT_CONVERSION = YES;
				GCC_WARN_ABOUT_RETURN_TYPE = YES_ERROR;
				GCC_WARN_UNDECLARED_SELECTOR = YES;
				GCC_WARN_UNINITIALIZED_AUTOS = YES_AGGRESSIVE;
				GCC_WARN_UNUSED_FUNCTION = YES;
				GCC_WARN_UNUSED_VARIABLE = YES;
				MACOSX_DEPLOYMENT_TARGET = 10.9;
				SDKROOT = macosx;
			};
			name = Release;
		};
		92166B5819594FBA00003EA3 /* Debug */ = {
			isa = XCBuildConfiguration;
			buildSettings = {
				ASSETCATALOG_COMPILER_APPICON_NAME = AppIcon;
				COMBINE_HIDPI_IMAGES = YES;
				FRAMEWORK_SEARCH_PATHS = (
					"$(inherited)",
					"$(PROJECT_DIR)",
				);
				GCC_INPUT_FILETYPE = sourcecode.cpp.objcpp;
				GCC_PRECOMPILE_PREFIX_HEADER = YES;
				GCC_PREFIX_HEADER = "StoryDesigner-Prefix.pch";
				GCC_PREPROCESSOR_DEFINITIONS = (
					"$(inherited)",
					"COCOS2D_DEBUG=1",
				);
				HEADER_SEARCH_PATHS = (
					"$(inherited)",
					"$(PROJECT_DIR)/../../../../cocos2d-x/cocos2dx",
					"$(PROJECT_DIR)/../../../../cocos2d-x/cocos2dx/platform/mac",
					"$(PROJECT_DIR)/../../../../cocos2d-x/CocosDenshion/include",
					"$(PROJECT_DIR)/../../../../cocos2d-x/external/chipmunk/include/constraints",
					"$(PROJECT_DIR)/../../../../cocos2d-x/extensions/**",
					"$(PROJECT_DIR)/../../../../cocos2d-x/cocos2dx/kazmath/include",
					"$(PROJECT_DIR)/../../../../cocos2d-x/external",
					"$(PROJECT_DIR)/../../../../cocos2d-x/external/chipmunk/include/chipmunk",
					"$(PROJECT_DIR)/../../../../cocos2d-x/cocos2dx/include",
					"$(PROJECT_DIR)/../../../../cocos2dx-better/cocos2dx-better/include",
					"$(PROJECT_DIR)/../../../../cocos2d-x/external/libwebsockets/ios/include",
					"$(PROJECT_DIR)/../../../../cocos2d-x/scripting/lua/tolua",
					"$(PROJECT_DIR)/../../../../cocos2d-x/scripting/lua/lua",
					"$(PROJECT_DIR)/../../../../cocos2dx-better/cocos2dx-better/src/tolua_pkg",
				);
				INFOPLIST_FILE = "StoryDesigner-Info.plist";
				LIBRARY_SEARCH_PATHS = (
					"$(inherited)",
					"$(PROJECT_DIR)/pvr/MacOS_x86",
				);
				OTHER_LDFLAGS = (
					"-all_load",
					"-ObjC",
				);
				PRODUCT_NAME = StoryDesigner;
				WRAPPER_EXTENSION = app;
			};
			name = Debug;
		};
		92166B5919594FBA00003EA3 /* Release */ = {
			isa = XCBuildConfiguration;
			buildSettings = {
				ASSETCATALOG_COMPILER_APPICON_NAME = AppIcon;
				COMBINE_HIDPI_IMAGES = YES;
				FRAMEWORK_SEARCH_PATHS = (
					"$(inherited)",
					"$(PROJECT_DIR)",
				);
				GCC_INPUT_FILETYPE = sourcecode.cpp.objcpp;
				GCC_PRECOMPILE_PREFIX_HEADER = YES;
				GCC_PREFIX_HEADER = "StoryDesigner-Prefix.pch";
				GCC_PREPROCESSOR_DEFINITIONS = "$(inherited)";
				HEADER_SEARCH_PATHS = (
					"$(inherited)",
					"$(PROJECT_DIR)/../../../../cocos2d-x/cocos2dx",
					"$(PROJECT_DIR)/../../../../cocos2d-x/cocos2dx/platform/mac",
					"$(PROJECT_DIR)/../../../../cocos2d-x/CocosDenshion/include",
					"$(PROJECT_DIR)/../../../../cocos2d-x/external/chipmunk/include/constraints",
					"$(PROJECT_DIR)/../../../../cocos2d-x/extensions/**",
					"$(PROJECT_DIR)/../../../../cocos2d-x/cocos2dx/kazmath/include",
					"$(PROJECT_DIR)/../../../../cocos2d-x/external",
					"$(PROJECT_DIR)/../../../../cocos2d-x/external/chipmunk/include/chipmunk",
					"$(PROJECT_DIR)/../../../../cocos2d-x/cocos2dx/include",
					"$(PROJECT_DIR)/../../../../cocos2dx-better/cocos2dx-better/include",
					"$(PROJECT_DIR)/../../../../cocos2d-x/external/libwebsockets/ios/include",
					"$(PROJECT_DIR)/../../../../cocos2d-x/scripting/lua/tolua",
					"$(PROJECT_DIR)/../../../../cocos2d-x/scripting/lua/lua",
					"$(PROJECT_DIR)/../../../../cocos2dx-better/cocos2dx-better/src/tolua_pkg",
				);
				INFOPLIST_FILE = "StoryDesigner-Info.plist";
				LIBRARY_SEARCH_PATHS = (
					"$(inherited)",
					"$(PROJECT_DIR)/pvr/MacOS_x86",
				);
				OTHER_LDFLAGS = (
					"-all_load",
					"-ObjC",
				);
				PRODUCT_NAME = StoryDesigner;
				WRAPPER_EXTENSION = app;
			};
			name = Release;
		};
/* End XCBuildConfiguration section */

/* Begin XCConfigurationList section */
		92166B2119594FBA00003EA3 /* Build configuration list for PBXProject "StoryDesigner" */ = {
			isa = XCConfigurationList;
			buildConfigurations = (
				92166B5519594FBA00003EA3 /* Debug */,
				92166B5619594FBA00003EA3 /* Release */,
			);
			defaultConfigurationIsVisible = 0;
			defaultConfigurationName = Release;
		};
		92166B5719594FBA00003EA3 /* Build configuration list for PBXNativeTarget "StoryDesigner" */ = {
			isa = XCConfigurationList;
			buildConfigurations = (
				92166B5819594FBA00003EA3 /* Debug */,
				92166B5919594FBA00003EA3 /* Release */,
			);
			defaultConfigurationIsVisible = 0;
			defaultConfigurationName = Release;
		};
/* End XCConfigurationList section */
	};
	rootObject = 92166B1E19594FBA00003EA3 /* Project object */;
}
